// !$*UTF8*$!
{
	archiveVersion = 1;
	classes = {
	};
	objectVersion = 45;
	objects = {

/* Begin PBXBuildFile section */
		1D3623260D0F684500981E51 /* BriefsAppDelegate.m in Sources */ = {isa = PBXBuildFile; fileRef = 1D3623250D0F684500981E51 /* BriefsAppDelegate.m */; };
		1D60589B0D05DD56006BFB54 /* main.m in Sources */ = {isa = PBXBuildFile; fileRef = 29B97316FDCFA39411CA2CEA /* main.m */; };
		1D60589F0D05DD5A006BFB54 /* Foundation.framework in Frameworks */ = {isa = PBXBuildFile; fileRef = 1D30AB110D05D00D00671497 /* Foundation.framework */; };
		1DF5F4E00D08C38300B7A737 /* UIKit.framework in Frameworks */ = {isa = PBXBuildFile; fileRef = 1DF5F4DF0D08C38300B7A737 /* UIKit.framework */; };
		288765FD0DF74451002DB57D /* CoreGraphics.framework in Frameworks */ = {isa = PBXBuildFile; fileRef = 288765FC0DF74451002DB57D /* CoreGraphics.framework */; };
		761627D3104F632C008FDF67 /* sample-brief.brieflist in Resources */ = {isa = PBXBuildFile; fileRef = 761627D2104F632C008FDF67 /* sample-brief.brieflist */; };
		7616285610505B6A008FDF67 /* BFSceneManager.m in Sources */ = {isa = PBXBuildFile; fileRef = D49E5F60101169D700B7EEBB /* BFSceneManager.m */; };
		7616285710505B6A008FDF67 /* BFScene.m in Sources */ = {isa = PBXBuildFile; fileRef = D4C9C69F101171A800C87AA7 /* BFScene.m */; };
		7616285810505B6A008FDF67 /* BFActor.m in Sources */ = {isa = PBXBuildFile; fileRef = D40E467F101179AB000D4830 /* BFActor.m */; };
		7616292E10505FDA008FDF67 /* Foundation.framework in Frameworks */ = {isa = PBXBuildFile; fileRef = 7616292D10505FDA008FDF67 /* Foundation.framework */; };
		7616293B105061EF008FDF67 /* brief-compact.m in Sources */ = {isa = PBXBuildFile; fileRef = 7616293210506098008FDF67 /* brief-compact.m */; };
		76E8699A1051FCE800EB06C9 /* compacted.brieflist in Resources */ = {isa = PBXBuildFile; fileRef = 76E869931051FCD700EB06C9 /* compacted.brieflist */; };
		76E8699B1051FCF200EB06C9 /* scene2.png in Resources */ = {isa = PBXBuildFile; fileRef = D4E3753F1039F029000D8677 /* scene2.png */; };
		76E8699C1051FCF200EB06C9 /* scene1.png in Resources */ = {isa = PBXBuildFile; fileRef = D43863920FFAD0EE0041D688 /* scene1.png */; };
		76FD02EF104CAF96002E96FA /* BFBrowseViewController.m in Sources */ = {isa = PBXBuildFile; fileRef = 76FD02ED104CAF96002E96FA /* BFBrowseViewController.m */; };
		76FD047E104CD159002E96FA /* BFBrowseViewController.xib in Resources */ = {isa = PBXBuildFile; fileRef = 76FD047D104CD159002E96FA /* BFBrowseViewController.xib */; };
		76FD0483104CD1F1002E96FA /* MainWindow.xib in Resources */ = {isa = PBXBuildFile; fileRef = 76FD0482104CD1F1002E96FA /* MainWindow.xib */; };
		D40C3DD31039FA520033CC65 /* BFActorView.m in Sources */ = {isa = PBXBuildFile; fileRef = D40C3DD21039FA520033CC65 /* BFActorView.m */; };
		D40C3F6B103B44EA0033CC65 /* BFSceneView.m in Sources */ = {isa = PBXBuildFile; fileRef = D40C3F6A103B44EA0033CC65 /* BFSceneView.m */; };
		D40C420A103C94730033CC65 /* actor1.png in Resources */ = {isa = PBXBuildFile; fileRef = D40C4209103C94730033CC65 /* actor1.png */; };
		D40C43C4103D015F0033CC65 /* BFRootView.m in Sources */ = {isa = PBXBuildFile; fileRef = D40C43C3103D015F0033CC65 /* BFRootView.m */; };
		D40C459B1040CFA80033CC65 /* BFUtilityParser.m in Sources */ = {isa = PBXBuildFile; fileRef = D40C459A1040CFA80033CC65 /* BFUtilityParser.m */; };
		D40E4680101179AB000D4830 /* BFActor.m in Sources */ = {isa = PBXBuildFile; fileRef = D40E467F101179AB000D4830 /* BFActor.m */; };
		D415B20D105C7BD8008A3541 /* NSDate_FeedParserExtensions.m in Sources */ = {isa = PBXBuildFile; fileRef = D415B1F0105C7BD8008A3541 /* NSDate_FeedParserExtensions.m */; };
		D415B20E105C7BD8008A3541 /* NSString_extensions.m in Sources */ = {isa = PBXBuildFile; fileRef = D415B1F2105C7BD8008A3541 /* NSString_extensions.m */; };
		D415B20F105C7BD8008A3541 /* FPEnclosure.m in Sources */ = {isa = PBXBuildFile; fileRef = D415B1F5105C7BD8008A3541 /* FPEnclosure.m */; };
		D415B210105C7BD8008A3541 /* FPFeed.m in Sources */ = {isa = PBXBuildFile; fileRef = D415B1F8105C7BD8008A3541 /* FPFeed.m */; };
		D415B211105C7BD8008A3541 /* FPItem.m in Sources */ = {isa = PBXBuildFile; fileRef = D415B1FA105C7BD8008A3541 /* FPItem.m */; };
		D415B212105C7BD8008A3541 /* FPLink.m in Sources */ = {isa = PBXBuildFile; fileRef = D415B1FC105C7BD8008A3541 /* FPLink.m */; };
		D415B213105C7BD8008A3541 /* FPParser.m in Sources */ = {isa = PBXBuildFile; fileRef = D415B1FE105C7BD8008A3541 /* FPParser.m */; };
		D415B214105C7BD8008A3541 /* FPXMLPair.m in Sources */ = {isa = PBXBuildFile; fileRef = D415B202105C7BD8008A3541 /* FPXMLPair.m */; };
		D415B215105C7BD8008A3541 /* FPXMLParser.m in Sources */ = {isa = PBXBuildFile; fileRef = D415B204105C7BD8008A3541 /* FPXMLParser.m */; };
		D415B216105C7BD8008A3541 /* FPExtensionElementNode.m in Sources */ = {isa = PBXBuildFile; fileRef = D415B208105C7BD8008A3541 /* FPExtensionElementNode.m */; };
		D415B217105C7BD8008A3541 /* FPExtensionNode.m in Sources */ = {isa = PBXBuildFile; fileRef = D415B20A105C7BD8008A3541 /* FPExtensionNode.m */; };
		D415B218105C7BD8008A3541 /* FPExtensionTextNode.m in Sources */ = {isa = PBXBuildFile; fileRef = D415B20C105C7BD8008A3541 /* FPExtensionTextNode.m */; };
		D415B235105C989E008A3541 /* howto-cmpct.brieflist in Resources */ = {isa = PBXBuildFile; fileRef = D415B234105C989E008A3541 /* howto-cmpct.brieflist */; };
		D46410F9105F2BD8001522F6 /* BFBriefcastViewController.m in Sources */ = {isa = PBXBuildFile; fileRef = D46410F7105F2BD8001522F6 /* BFBriefcastViewController.m */; };
		D46410FA105F2BD8001522F6 /* BFBriefcastViewController.xib in Resources */ = {isa = PBXBuildFile; fileRef = D46410F8105F2BD8001522F6 /* BFBriefcastViewController.xib */; };
		D464117110606DDE001522F6 /* BFTableViewController.m in Sources */ = {isa = PBXBuildFile; fileRef = D464117010606DDE001522F6 /* BFTableViewController.m */; };
		D46411931065CF8C001522F6 /* BFBriefCellController.m in Sources */ = {isa = PBXBuildFile; fileRef = D46411921065CF8C001522F6 /* BFBriefCellController.m */; };
		D46411971065D59D001522F6 /* BFBriefcastCellController.m in Sources */ = {isa = PBXBuildFile; fileRef = D46411961065D59D001522F6 /* BFBriefcastCellController.m */; };
		D464119A1065D6F8001522F6 /* BFBriefcast.m in Sources */ = {isa = PBXBuildFile; fileRef = D46411991065D6F8001522F6 /* BFBriefcast.m */; };
		D4641313106879AF001522F6 /* BFAddBriefcastViewController.m in Sources */ = {isa = PBXBuildFile; fileRef = D4641311106879AF001522F6 /* BFAddBriefcastViewController.m */; };
		D4641314106879AF001522F6 /* BFAddBriefcastViewController.xib in Resources */ = {isa = PBXBuildFile; fileRef = D4641312106879AF001522F6 /* BFAddBriefcastViewController.xib */; };
		D464133E10695048001522F6 /* BFTextCellController.m in Sources */ = {isa = PBXBuildFile; fileRef = D464133D10695048001522F6 /* BFTextCellController.m */; };
		D49E5F5E1011696200B7EEBB /* BFSceneViewController.m in Sources */ = {isa = PBXBuildFile; fileRef = D49E5F5D1011696200B7EEBB /* BFSceneViewController.m */; };
		D49E5F61101169D700B7EEBB /* BFSceneManager.m in Sources */ = {isa = PBXBuildFile; fileRef = D49E5F60101169D700B7EEBB /* BFSceneManager.m */; };
		D4C9C6A0101171A800C87AA7 /* BFScene.m in Sources */ = {isa = PBXBuildFile; fileRef = D4C9C69F101171A800C87AA7 /* BFScene.m */; };
		D4E2CEB71028F11D0039600E /* BFPresentationDispatch.m in Sources */ = {isa = PBXBuildFile; fileRef = D4E2CEB61028F11D0039600E /* BFPresentationDispatch.m */; };
/* End PBXBuildFile section */

/* Begin PBXFileReference section */
		1D30AB110D05D00D00671497 /* Foundation.framework */ = {isa = PBXFileReference; lastKnownFileType = wrapper.framework; name = Foundation.framework; path = System/Library/Frameworks/Foundation.framework; sourceTree = SDKROOT; };
		1D3623240D0F684500981E51 /* BriefsAppDelegate.h */ = {isa = PBXFileReference; fileEncoding = 4; lastKnownFileType = sourcecode.c.h; name = BriefsAppDelegate.h; path = Classes/BriefsAppDelegate.h; sourceTree = "<group>"; };
		1D3623250D0F684500981E51 /* BriefsAppDelegate.m */ = {isa = PBXFileReference; fileEncoding = 4; lastKnownFileType = sourcecode.c.objc; name = BriefsAppDelegate.m; path = Classes/BriefsAppDelegate.m; sourceTree = "<group>"; };
		1D6058910D05DD3D006BFB54 /* Briefs.app */ = {isa = PBXFileReference; explicitFileType = wrapper.application; includeInIndex = 0; path = Briefs.app; sourceTree = BUILT_PRODUCTS_DIR; };
		1DF5F4DF0D08C38300B7A737 /* UIKit.framework */ = {isa = PBXFileReference; lastKnownFileType = wrapper.framework; name = UIKit.framework; path = System/Library/Frameworks/UIKit.framework; sourceTree = SDKROOT; };
		288765FC0DF74451002DB57D /* CoreGraphics.framework */ = {isa = PBXFileReference; lastKnownFileType = wrapper.framework; name = CoreGraphics.framework; path = System/Library/Frameworks/CoreGraphics.framework; sourceTree = SDKROOT; };
		29B97316FDCFA39411CA2CEA /* main.m */ = {isa = PBXFileReference; fileEncoding = 4; lastKnownFileType = sourcecode.c.objc; path = main.m; sourceTree = "<group>"; };
		32CA4F630368D1EE00C91783 /* Briefs_Prefix.pch */ = {isa = PBXFileReference; fileEncoding = 4; lastKnownFileType = sourcecode.c.h; path = Briefs_Prefix.pch; sourceTree = "<group>"; };
		761627D2104F632C008FDF67 /* sample-brief.brieflist */ = {isa = PBXFileReference; fileEncoding = 4; lastKnownFileType = text.xml; name = "sample-brief.brieflist"; path = "sample/sample-brief.brieflist"; sourceTree = "<group>"; };
		7616292D10505FDA008FDF67 /* Foundation.framework */ = {isa = PBXFileReference; lastKnownFileType = wrapper.framework; name = Foundation.framework; path = System/Library/Frameworks/Foundation.framework; sourceTree = SDKROOT; };
		7616293210506098008FDF67 /* brief-compact.m */ = {isa = PBXFileReference; fileEncoding = 4; lastKnownFileType = sourcecode.c.objc; path = "brief-compact.m"; sourceTree = "<group>"; };
		76E869931051FCD700EB06C9 /* compacted.brieflist */ = {isa = PBXFileReference; lastKnownFileType = file.bplist; name = compacted.brieflist; path = sample/compacted.brieflist; sourceTree = "<group>"; };
		76FD02EC104CAF96002E96FA /* BFBrowseViewController.h */ = {isa = PBXFileReference; fileEncoding = 4; lastKnownFileType = sourcecode.c.h; path = BFBrowseViewController.h; sourceTree = "<group>"; };
		76FD02ED104CAF96002E96FA /* BFBrowseViewController.m */ = {isa = PBXFileReference; fileEncoding = 4; lastKnownFileType = sourcecode.c.objc; path = BFBrowseViewController.m; sourceTree = "<group>"; };
		76FD047D104CD159002E96FA /* BFBrowseViewController.xib */ = {isa = PBXFileReference; lastKnownFileType = file.xib; path = BFBrowseViewController.xib; sourceTree = "<group>"; };
		76FD0482104CD1F1002E96FA /* MainWindow.xib */ = {isa = PBXFileReference; lastKnownFileType = file.xib; path = MainWindow.xib; sourceTree = "<group>"; };
		8D1107310486CEB800E47090 /* Briefs-Info.plist */ = {isa = PBXFileReference; fileEncoding = 4; lastKnownFileType = text.plist.xml; path = "Briefs-Info.plist"; plistStructureDefinitionIdentifier = "com.apple.xcode.plist.structure-definition.iphone.info-plist"; sourceTree = "<group>"; };
		D40C3DD11039FA520033CC65 /* BFActorView.h */ = {isa = PBXFileReference; fileEncoding = 4; lastKnownFileType = sourcecode.c.h; path = BFActorView.h; sourceTree = "<group>"; };
		D40C3DD21039FA520033CC65 /* BFActorView.m */ = {isa = PBXFileReference; fileEncoding = 4; lastKnownFileType = sourcecode.c.objc; path = BFActorView.m; sourceTree = "<group>"; };
		D40C3F69103B44EA0033CC65 /* BFSceneView.h */ = {isa = PBXFileReference; fileEncoding = 4; lastKnownFileType = sourcecode.c.h; path = BFSceneView.h; sourceTree = "<group>"; };
		D40C3F6A103B44EA0033CC65 /* BFSceneView.m */ = {isa = PBXFileReference; fileEncoding = 4; lastKnownFileType = sourcecode.c.objc; path = BFSceneView.m; sourceTree = "<group>"; };
		D40C4209103C94730033CC65 /* actor1.png */ = {isa = PBXFileReference; lastKnownFileType = image.png; name = actor1.png; path = sample/actor1.png; sourceTree = "<group>"; };
		D40C43C2103D015F0033CC65 /* BFRootView.h */ = {isa = PBXFileReference; fileEncoding = 4; lastKnownFileType = sourcecode.c.h; path = BFRootView.h; sourceTree = "<group>"; };
		D40C43C3103D015F0033CC65 /* BFRootView.m */ = {isa = PBXFileReference; fileEncoding = 4; lastKnownFileType = sourcecode.c.objc; path = BFRootView.m; sourceTree = "<group>"; };
		D40C45991040CFA80033CC65 /* BFUtilityParser.h */ = {isa = PBXFileReference; fileEncoding = 4; lastKnownFileType = sourcecode.c.h; path = BFUtilityParser.h; sourceTree = "<group>"; };
		D40C459A1040CFA80033CC65 /* BFUtilityParser.m */ = {isa = PBXFileReference; fileEncoding = 4; lastKnownFileType = sourcecode.c.objc; path = BFUtilityParser.m; sourceTree = "<group>"; };
		D40E467E101179AB000D4830 /* BFActor.h */ = {isa = PBXFileReference; fileEncoding = 4; lastKnownFileType = sourcecode.c.h; path = BFActor.h; sourceTree = "<group>"; };
		D40E467F101179AB000D4830 /* BFActor.m */ = {isa = PBXFileReference; fileEncoding = 4; lastKnownFileType = sourcecode.c.objc; path = BFActor.m; sourceTree = "<group>"; };
		D415B1EF105C7BD8008A3541 /* NSDate_FeedParserExtensions.h */ = {isa = PBXFileReference; fileEncoding = 4; lastKnownFileType = sourcecode.c.h; path = NSDate_FeedParserExtensions.h; sourceTree = "<group>"; };
		D415B1F0105C7BD8008A3541 /* NSDate_FeedParserExtensions.m */ = {isa = PBXFileReference; fileEncoding = 4; lastKnownFileType = sourcecode.c.objc; path = NSDate_FeedParserExtensions.m; sourceTree = "<group>"; };
		D415B1F1105C7BD8008A3541 /* NSString_extensions.h */ = {isa = PBXFileReference; fileEncoding = 4; lastKnownFileType = sourcecode.c.h; path = NSString_extensions.h; sourceTree = "<group>"; };
		D415B1F2105C7BD8008A3541 /* NSString_extensions.m */ = {isa = PBXFileReference; fileEncoding = 4; lastKnownFileType = sourcecode.c.objc; path = NSString_extensions.m; sourceTree = "<group>"; };
		D415B1F3105C7BD8008A3541 /* FeedParser.h */ = {isa = PBXFileReference; fileEncoding = 4; lastKnownFileType = sourcecode.c.h; path = FeedParser.h; sourceTree = "<group>"; };
		D415B1F4105C7BD8008A3541 /* FPEnclosure.h */ = {isa = PBXFileReference; fileEncoding = 4; lastKnownFileType = sourcecode.c.h; path = FPEnclosure.h; sourceTree = "<group>"; };
		D415B1F5105C7BD8008A3541 /* FPEnclosure.m */ = {isa = PBXFileReference; fileEncoding = 4; lastKnownFileType = sourcecode.c.objc; path = FPEnclosure.m; sourceTree = "<group>"; };
		D415B1F6105C7BD8008A3541 /* FPErrors.h */ = {isa = PBXFileReference; fileEncoding = 4; lastKnownFileType = sourcecode.c.h; path = FPErrors.h; sourceTree = "<group>"; };
		D415B1F7105C7BD8008A3541 /* FPFeed.h */ = {isa = PBXFileReference; fileEncoding = 4; lastKnownFileType = sourcecode.c.h; path = FPFeed.h; sourceTree = "<group>"; };
		D415B1F8105C7BD8008A3541 /* FPFeed.m */ = {isa = PBXFileReference; fileEncoding = 4; lastKnownFileType = sourcecode.c.objc; path = FPFeed.m; sourceTree = "<group>"; };
		D415B1F9105C7BD8008A3541 /* FPItem.h */ = {isa = PBXFileReference; fileEncoding = 4; lastKnownFileType = sourcecode.c.h; path = FPItem.h; sourceTree = "<group>"; };
		D415B1FA105C7BD8008A3541 /* FPItem.m */ = {isa = PBXFileReference; fileEncoding = 4; lastKnownFileType = sourcecode.c.objc; path = FPItem.m; sourceTree = "<group>"; };
		D415B1FB105C7BD8008A3541 /* FPLink.h */ = {isa = PBXFileReference; fileEncoding = 4; lastKnownFileType = sourcecode.c.h; path = FPLink.h; sourceTree = "<group>"; };
		D415B1FC105C7BD8008A3541 /* FPLink.m */ = {isa = PBXFileReference; fileEncoding = 4; lastKnownFileType = sourcecode.c.objc; path = FPLink.m; sourceTree = "<group>"; };
		D415B1FD105C7BD8008A3541 /* FPParser.h */ = {isa = PBXFileReference; fileEncoding = 4; lastKnownFileType = sourcecode.c.h; path = FPParser.h; sourceTree = "<group>"; };
		D415B1FE105C7BD8008A3541 /* FPParser.m */ = {isa = PBXFileReference; fileEncoding = 4; lastKnownFileType = sourcecode.c.objc; path = FPParser.m; sourceTree = "<group>"; };
		D415B200105C7BD8008A3541 /* FPExtensionElementNode_Private.h */ = {isa = PBXFileReference; fileEncoding = 4; lastKnownFileType = sourcecode.c.h; path = FPExtensionElementNode_Private.h; sourceTree = "<group>"; };
		D415B201105C7BD8008A3541 /* FPXMLPair.h */ = {isa = PBXFileReference; fileEncoding = 4; lastKnownFileType = sourcecode.c.h; path = FPXMLPair.h; sourceTree = "<group>"; };
		D415B202105C7BD8008A3541 /* FPXMLPair.m */ = {isa = PBXFileReference; fileEncoding = 4; lastKnownFileType = sourcecode.c.objc; path = FPXMLPair.m; sourceTree = "<group>"; };
		D415B203105C7BD8008A3541 /* FPXMLParser.h */ = {isa = PBXFileReference; fileEncoding = 4; lastKnownFileType = sourcecode.c.h; path = FPXMLParser.h; sourceTree = "<group>"; };
		D415B204105C7BD8008A3541 /* FPXMLParser.m */ = {isa = PBXFileReference; fileEncoding = 4; lastKnownFileType = sourcecode.c.objc; path = FPXMLParser.m; sourceTree = "<group>"; };
		D415B205105C7BD8008A3541 /* FPXMLParserProtocol.h */ = {isa = PBXFileReference; fileEncoding = 4; lastKnownFileType = sourcecode.c.h; path = FPXMLParserProtocol.h; sourceTree = "<group>"; };
		D415B207105C7BD8008A3541 /* FPExtensionElementNode.h */ = {isa = PBXFileReference; fileEncoding = 4; lastKnownFileType = sourcecode.c.h; path = FPExtensionElementNode.h; sourceTree = "<group>"; };
		D415B208105C7BD8008A3541 /* FPExtensionElementNode.m */ = {isa = PBXFileReference; fileEncoding = 4; lastKnownFileType = sourcecode.c.objc; path = FPExtensionElementNode.m; sourceTree = "<group>"; };
		D415B209105C7BD8008A3541 /* FPExtensionNode.h */ = {isa = PBXFileReference; fileEncoding = 4; lastKnownFileType = sourcecode.c.h; path = FPExtensionNode.h; sourceTree = "<group>"; };
		D415B20A105C7BD8008A3541 /* FPExtensionNode.m */ = {isa = PBXFileReference; fileEncoding = 4; lastKnownFileType = sourcecode.c.objc; path = FPExtensionNode.m; sourceTree = "<group>"; };
		D415B20B105C7BD8008A3541 /* FPExtensionTextNode.h */ = {isa = PBXFileReference; fileEncoding = 4; lastKnownFileType = sourcecode.c.h; path = FPExtensionTextNode.h; sourceTree = "<group>"; };
		D415B20C105C7BD8008A3541 /* FPExtensionTextNode.m */ = {isa = PBXFileReference; fileEncoding = 4; lastKnownFileType = sourcecode.c.objc; path = FPExtensionTextNode.m; sourceTree = "<group>"; };
		D415B21D105C8309008A3541 /* briefcast.xml */ = {isa = PBXFileReference; fileEncoding = 4; lastKnownFileType = text.xml; path = briefcast.xml; sourceTree = "<group>"; };
		D415B220105C91A5008A3541 /* control-left.png */ = {isa = PBXFileReference; lastKnownFileType = image.png; path = "control-left.png"; sourceTree = "<group>"; };
		D415B221105C91A5008A3541 /* control-right.png */ = {isa = PBXFileReference; lastKnownFileType = image.png; path = "control-right.png"; sourceTree = "<group>"; };
		D415B222105C91A5008A3541 /* howto.brieflist */ = {isa = PBXFileReference; fileEncoding = 4; lastKnownFileType = text.xml; path = howto.brieflist; sourceTree = "<group>"; };
		D415B223105C91A5008A3541 /* step1.png */ = {isa = PBXFileReference; lastKnownFileType = image.png; path = step1.png; sourceTree = "<group>"; };
		D415B224105C91A5008A3541 /* step2.png */ = {isa = PBXFileReference; lastKnownFileType = image.png; path = step2.png; sourceTree = "<group>"; };
		D415B225105C91A5008A3541 /* step3.png */ = {isa = PBXFileReference; lastKnownFileType = image.png; path = step3.png; sourceTree = "<group>"; };
		D415B226105C91A5008A3541 /* step4.png */ = {isa = PBXFileReference; lastKnownFileType = image.png; path = step4.png; sourceTree = "<group>"; };
		D415B234105C989E008A3541 /* howto-cmpct.brieflist */ = {isa = PBXFileReference; lastKnownFileType = file.bplist; path = "howto-cmpct.brieflist"; sourceTree = "<group>"; };
		D415B25D105CA15F008A3541 /* BFConstants.h */ = {isa = PBXFileReference; fileEncoding = 4; lastKnownFileType = sourcecode.c.h; path = BFConstants.h; sourceTree = "<group>"; };
		D43863920FFAD0EE0041D688 /* scene1.png */ = {isa = PBXFileReference; lastKnownFileType = image.png; name = scene1.png; path = sample/scene1.png; sourceTree = "<group>"; };
		D46410F6105F2BD8001522F6 /* BFBriefcastViewController.h */ = {isa = PBXFileReference; fileEncoding = 4; lastKnownFileType = sourcecode.c.h; name = BFBriefcastViewController.h; path = ../BFBriefcastViewController.h; sourceTree = "<group>"; };
		D46410F7105F2BD8001522F6 /* BFBriefcastViewController.m */ = {isa = PBXFileReference; fileEncoding = 4; lastKnownFileType = sourcecode.c.objc; name = BFBriefcastViewController.m; path = ../BFBriefcastViewController.m; sourceTree = "<group>"; };
		D46410F8105F2BD8001522F6 /* BFBriefcastViewController.xib */ = {isa = PBXFileReference; lastKnownFileType = file.xib; path = BFBriefcastViewController.xib; sourceTree = "<group>"; };
		D464116F10606DDE001522F6 /* BFTableViewController.h */ = {isa = PBXFileReference; fileEncoding = 4; lastKnownFileType = sourcecode.c.h; path = BFTableViewController.h; sourceTree = "<group>"; };
		D464117010606DDE001522F6 /* BFTableViewController.m */ = {isa = PBXFileReference; fileEncoding = 4; lastKnownFileType = sourcecode.c.objc; path = BFTableViewController.m; sourceTree = "<group>"; };
		D464118D10606F38001522F6 /* BFCellController.h */ = {isa = PBXFileReference; fileEncoding = 4; lastKnownFileType = sourcecode.c.h; path = BFCellController.h; sourceTree = "<group>"; };
		D46411911065CF8C001522F6 /* BFBriefCellController.h */ = {isa = PBXFileReference; fileEncoding = 4; lastKnownFileType = sourcecode.c.h; path = BFBriefCellController.h; sourceTree = "<group>"; };
		D46411921065CF8C001522F6 /* BFBriefCellController.m */ = {isa = PBXFileReference; fileEncoding = 4; lastKnownFileType = sourcecode.c.objc; path = BFBriefCellController.m; sourceTree = "<group>"; };
		D46411951065D59D001522F6 /* BFBriefcastCellController.h */ = {isa = PBXFileReference; fileEncoding = 4; lastKnownFileType = sourcecode.c.h; path = BFBriefcastCellController.h; sourceTree = "<group>"; };
		D46411961065D59D001522F6 /* BFBriefcastCellController.m */ = {isa = PBXFileReference; fileEncoding = 4; lastKnownFileType = sourcecode.c.objc; path = BFBriefcastCellController.m; sourceTree = "<group>"; };
		D46411981065D6F8001522F6 /* BFBriefcast.h */ = {isa = PBXFileReference; fileEncoding = 4; lastKnownFileType = sourcecode.c.h; path = BFBriefcast.h; sourceTree = "<group>"; };
		D46411991065D6F8001522F6 /* BFBriefcast.m */ = {isa = PBXFileReference; fileEncoding = 4; lastKnownFileType = sourcecode.c.objc; path = BFBriefcast.m; sourceTree = "<group>"; };
		D4641310106879AF001522F6 /* BFAddBriefcastViewController.h */ = {isa = PBXFileReference; fileEncoding = 4; lastKnownFileType = sourcecode.c.h; path = BFAddBriefcastViewController.h; sourceTree = "<group>"; };
		D4641311106879AF001522F6 /* BFAddBriefcastViewController.m */ = {isa = PBXFileReference; fileEncoding = 4; lastKnownFileType = sourcecode.c.objc; path = BFAddBriefcastViewController.m; sourceTree = "<group>"; };
		D4641312106879AF001522F6 /* BFAddBriefcastViewController.xib */ = {isa = PBXFileReference; lastKnownFileType = file.xib; name = BFAddBriefcastViewController.xib; path = Classes/BFAddBriefcastViewController.xib; sourceTree = "<group>"; };
		D464133C10695048001522F6 /* BFTextCellController.h */ = {isa = PBXFileReference; fileEncoding = 4; lastKnownFileType = sourcecode.c.h; path = BFTextCellController.h; sourceTree = "<group>"; };
		D464133D10695048001522F6 /* BFTextCellController.m */ = {isa = PBXFileReference; fileEncoding = 4; lastKnownFileType = sourcecode.c.objc; path = BFTextCellController.m; sourceTree = "<group>"; };
		D49E5F5C1011696200B7EEBB /* BFSceneViewController.h */ = {isa = PBXFileReference; fileEncoding = 4; lastKnownFileType = sourcecode.c.h; path = BFSceneViewController.h; sourceTree = "<group>"; };
		D49E5F5D1011696200B7EEBB /* BFSceneViewController.m */ = {isa = PBXFileReference; fileEncoding = 4; lastKnownFileType = sourcecode.c.objc; path = BFSceneViewController.m; sourceTree = "<group>"; };
		D49E5F5F101169D700B7EEBB /* BFSceneManager.h */ = {isa = PBXFileReference; fileEncoding = 4; lastKnownFileType = sourcecode.c.h; path = BFSceneManager.h; sourceTree = "<group>"; };
		D49E5F60101169D700B7EEBB /* BFSceneManager.m */ = {isa = PBXFileReference; fileEncoding = 4; lastKnownFileType = sourcecode.c.objc; path = BFSceneManager.m; sourceTree = "<group>"; };
		D4C9C69E101171A800C87AA7 /* BFScene.h */ = {isa = PBXFileReference; fileEncoding = 4; lastKnownFileType = sourcecode.c.h; path = BFScene.h; sourceTree = "<group>"; };
		D4C9C69F101171A800C87AA7 /* BFScene.m */ = {isa = PBXFileReference; fileEncoding = 4; lastKnownFileType = sourcecode.c.objc; path = BFScene.m; sourceTree = "<group>"; };
		D4E2CEB51028F11D0039600E /* BFPresentationDispatch.h */ = {isa = PBXFileReference; fileEncoding = 4; lastKnownFileType = sourcecode.c.h; path = BFPresentationDispatch.h; sourceTree = "<group>"; };
		D4E2CEB61028F11D0039600E /* BFPresentationDispatch.m */ = {isa = PBXFileReference; fileEncoding = 4; lastKnownFileType = sourcecode.c.objc; path = BFPresentationDispatch.m; sourceTree = "<group>"; };
		D4E2CEB91028F1A00039600E /* SynthesizeSingleton.h */ = {isa = PBXFileReference; fileEncoding = 4; lastKnownFileType = sourcecode.c.h; path = SynthesizeSingleton.h; sourceTree = "<group>"; };
		D4E2CEBF102F19A90039600E /* BFDispatch.h */ = {isa = PBXFileReference; fileEncoding = 4; lastKnownFileType = sourcecode.c.h; path = BFDispatch.h; sourceTree = "<group>"; };
		D4E3753F1039F029000D8677 /* scene2.png */ = {isa = PBXFileReference; lastKnownFileType = image.png; name = scene2.png; path = sample/scene2.png; sourceTree = "<group>"; };
/* End PBXFileReference section */

/* Begin PBXFrameworksBuildPhase section */
		1D60588F0D05DD3D006BFB54 /* Frameworks */ = {
			isa = PBXFrameworksBuildPhase;
			buildActionMask = 2147483647;
			files = (
				1D60589F0D05DD5A006BFB54 /* Foundation.framework in Frameworks */,
				1DF5F4E00D08C38300B7A737 /* UIKit.framework in Frameworks */,
				288765FD0DF74451002DB57D /* CoreGraphics.framework in Frameworks */,
			);
			runOnlyForDeploymentPostprocessing = 0;
		};
		7616282E10505870008FDF67 /* Frameworks */ = {
			isa = PBXFrameworksBuildPhase;
			buildActionMask = 2147483647;
			files = (
				7616292E10505FDA008FDF67 /* Foundation.framework in Frameworks */,
			);
			runOnlyForDeploymentPostprocessing = 0;
		};
/* End PBXFrameworksBuildPhase section */

/* Begin PBXGroup section */
		080E96DDFE201D6D7F000001 /* Classes */ = {
			isa = PBXGroup;
			children = (
				D4E2CEBE102F19850039600E /* control */,
				D4E2CEB81028F18B0039600E /* util */,
				D49E5F591011690100B7EEBB /* ui */,
				D49E5F58101168FA00B7EEBB /* data */,
			);
			path = Classes;
			sourceTree = "<group>";
		};
		19C28FACFE9D520D11CA2CBB /* Products */ = {
			isa = PBXGroup;
			children = (
				1D6058910D05DD3D006BFB54 /* Briefs.app */,
			);
			name = Products;
			sourceTree = "<group>";
		};
		29B97314FDCFA39411CA2CEA /* CustomTemplate */ = {
			isa = PBXGroup;
			children = (
				080E96DDFE201D6D7F000001 /* Classes */,
				29B97315FDCFA39411CA2CEA /* Other Sources */,
				29B97317FDCFA39411CA2CEA /* Resources */,
				29B97323FDCFA39411CA2CEA /* Frameworks */,
				19C28FACFE9D520D11CA2CBB /* Products */,
				7616292D10505FDA008FDF67 /* Foundation.framework */,
			);
			name = CustomTemplate;
			sourceTree = "<group>";
		};
		29B97315FDCFA39411CA2CEA /* Other Sources */ = {
			isa = PBXGroup;
			children = (
				1D3623240D0F684500981E51 /* BriefsAppDelegate.h */,
				1D3623250D0F684500981E51 /* BriefsAppDelegate.m */,
				32CA4F630368D1EE00C91783 /* Briefs_Prefix.pch */,
				29B97316FDCFA39411CA2CEA /* main.m */,
			);
			name = "Other Sources";
			sourceTree = "<group>";
		};
		29B97317FDCFA39411CA2CEA /* Resources */ = {
			isa = PBXGroup;
			children = (
				D43863910FFAD0D30041D688 /* samples */,
				76FD02EB104CAF4E002E96FA /* nib */,
				8D1107310486CEB800E47090 /* Briefs-Info.plist */,
			);
			name = Resources;
			sourceTree = "<group>";
		};
		29B97323FDCFA39411CA2CEA /* Frameworks */ = {
			isa = PBXGroup;
			children = (
				1DF5F4DF0D08C38300B7A737 /* UIKit.framework */,
				1D30AB110D05D00D00671497 /* Foundation.framework */,
				288765FC0DF74451002DB57D /* CoreGraphics.framework */,
			);
			name = Frameworks;
			sourceTree = "<group>";
		};
		76162936105061C5008FDF67 /* tools */ = {
			isa = PBXGroup;
			children = (
				7616293210506098008FDF67 /* brief-compact.m */,
			);
			name = tools;
			sourceTree = "<group>";
		};
		76FD02EB104CAF4E002E96FA /* nib */ = {
			isa = PBXGroup;
			children = (
				D4641312106879AF001522F6 /* BFAddBriefcastViewController.xib */,
				76FD0482104CD1F1002E96FA /* MainWindow.xib */,
				76FD047D104CD159002E96FA /* BFBrowseViewController.xib */,
				D46410F8105F2BD8001522F6 /* BFBriefcastViewController.xib */,
			);
			name = nib;
			sourceTree = "<group>";
		};
		D40E467D1011792D000D4830 /* models */ = {
			isa = PBXGroup;
			children = (
				D4C9C69E101171A800C87AA7 /* BFScene.h */,
				D4C9C69F101171A800C87AA7 /* BFScene.m */,
				D40E467E101179AB000D4830 /* BFActor.h */,
				D40E467F101179AB000D4830 /* BFActor.m */,
				D46411981065D6F8001522F6 /* BFBriefcast.h */,
				D46411991065D6F8001522F6 /* BFBriefcast.m */,
			);
			name = models;
			sourceTree = "<group>";
		};
		D415B1ED105C7BD8008A3541 /* FeedParser */ = {
			isa = PBXGroup;
			children = (
				D415B1EE105C7BD8008A3541 /* Extensions */,
				D415B1F3105C7BD8008A3541 /* FeedParser.h */,
				D415B1F4105C7BD8008A3541 /* FPEnclosure.h */,
				D415B1F5105C7BD8008A3541 /* FPEnclosure.m */,
				D415B1F6105C7BD8008A3541 /* FPErrors.h */,
				D415B1F7105C7BD8008A3541 /* FPFeed.h */,
				D415B1F8105C7BD8008A3541 /* FPFeed.m */,
				D415B1F9105C7BD8008A3541 /* FPItem.h */,
				D415B1FA105C7BD8008A3541 /* FPItem.m */,
				D415B1FB105C7BD8008A3541 /* FPLink.h */,
				D415B1FC105C7BD8008A3541 /* FPLink.m */,
				D415B1FD105C7BD8008A3541 /* FPParser.h */,
				D415B1FE105C7BD8008A3541 /* FPParser.m */,
				D415B1FF105C7BD8008A3541 /* Internal */,
				D415B206105C7BD8008A3541 /* XML Extensions */,
			);
			path = FeedParser;
			sourceTree = "<group>";
		};
		D415B1EE105C7BD8008A3541 /* Extensions */ = {
			isa = PBXGroup;
			children = (
				D415B1EF105C7BD8008A3541 /* NSDate_FeedParserExtensions.h */,
				D415B1F0105C7BD8008A3541 /* NSDate_FeedParserExtensions.m */,
				D415B1F1105C7BD8008A3541 /* NSString_extensions.h */,
				D415B1F2105C7BD8008A3541 /* NSString_extensions.m */,
			);
			path = Extensions;
			sourceTree = "<group>";
		};
		D415B1FF105C7BD8008A3541 /* Internal */ = {
			isa = PBXGroup;
			children = (
				D415B200105C7BD8008A3541 /* FPExtensionElementNode_Private.h */,
				D415B201105C7BD8008A3541 /* FPXMLPair.h */,
				D415B202105C7BD8008A3541 /* FPXMLPair.m */,
				D415B203105C7BD8008A3541 /* FPXMLParser.h */,
				D415B204105C7BD8008A3541 /* FPXMLParser.m */,
				D415B205105C7BD8008A3541 /* FPXMLParserProtocol.h */,
			);
			path = Internal;
			sourceTree = "<group>";
		};
		D415B206105C7BD8008A3541 /* XML Extensions */ = {
			isa = PBXGroup;
			children = (
				D415B207105C7BD8008A3541 /* FPExtensionElementNode.h */,
				D415B208105C7BD8008A3541 /* FPExtensionElementNode.m */,
				D415B209105C7BD8008A3541 /* FPExtensionNode.h */,
				D415B20A105C7BD8008A3541 /* FPExtensionNode.m */,
				D415B20B105C7BD8008A3541 /* FPExtensionTextNode.h */,
				D415B20C105C7BD8008A3541 /* FPExtensionTextNode.m */,
			);
			path = "XML Extensions";
			sourceTree = "<group>";
		};
		D415B21C105C8309008A3541 /* briefcasts */ = {
			isa = PBXGroup;
			children = (
				D415B234105C989E008A3541 /* howto-cmpct.brieflist */,
				D415B21F105C91A5008A3541 /* howto */,
				D415B21D105C8309008A3541 /* briefcast.xml */,
			);
			name = briefcasts;
			path = sample/briefcasts;
			sourceTree = "<group>";
		};
		D415B21F105C91A5008A3541 /* howto */ = {
			isa = PBXGroup;
			children = (
				D415B220105C91A5008A3541 /* control-left.png */,
				D415B221105C91A5008A3541 /* control-right.png */,
				D415B222105C91A5008A3541 /* howto.brieflist */,
				D415B223105C91A5008A3541 /* step1.png */,
				D415B224105C91A5008A3541 /* step2.png */,
				D415B225105C91A5008A3541 /* step3.png */,
				D415B226105C91A5008A3541 /* step4.png */,
			);
			path = howto;
			sourceTree = "<group>";
		};
		D43863910FFAD0D30041D688 /* samples */ = {
			isa = PBXGroup;
			children = (
				D415B21C105C8309008A3541 /* briefcasts */,
				76E869931051FCD700EB06C9 /* compacted.brieflist */,
				761627D2104F632C008FDF67 /* sample-brief.brieflist */,
				D40C4209103C94730033CC65 /* actor1.png */,
				D4E3753F1039F029000D8677 /* scene2.png */,
				D43863920FFAD0EE0041D688 /* scene1.png */,
			);
			name = samples;
			sourceTree = "<group>";
		};
		D464115210606AA1001522F6 /* tables */ = {
			isa = PBXGroup;
			children = (
				D46411901065CEC2001522F6 /* cells */,
				D464116F10606DDE001522F6 /* BFTableViewController.h */,
				D464117010606DDE001522F6 /* BFTableViewController.m */,
				D464118D10606F38001522F6 /* BFCellController.h */,
			);
			name = tables;
			sourceTree = "<group>";
		};
		D46411901065CEC2001522F6 /* cells */ = {
			isa = PBXGroup;
			children = (
				D46411911065CF8C001522F6 /* BFBriefCellController.h */,
				D46411921065CF8C001522F6 /* BFBriefCellController.m */,
				D46411951065D59D001522F6 /* BFBriefcastCellController.h */,
				D46411961065D59D001522F6 /* BFBriefcastCellController.m */,
				D464133C10695048001522F6 /* BFTextCellController.h */,
				D464133D10695048001522F6 /* BFTextCellController.m */,
			);
			name = cells;
			sourceTree = "<group>";
		};
		D464130F10687553001522F6 /* controllers */ = {
			isa = PBXGroup;
			children = (
				D49E5F5C1011696200B7EEBB /* BFSceneViewController.h */,
				D49E5F5D1011696200B7EEBB /* BFSceneViewController.m */,
				76FD02EC104CAF96002E96FA /* BFBrowseViewController.h */,
				76FD02ED104CAF96002E96FA /* BFBrowseViewController.m */,
				D46410F6105F2BD8001522F6 /* BFBriefcastViewController.h */,
				D46410F7105F2BD8001522F6 /* BFBriefcastViewController.m */,
				D4641310106879AF001522F6 /* BFAddBriefcastViewController.h */,
				D4641311106879AF001522F6 /* BFAddBriefcastViewController.m */,
			);
			name = controllers;
			sourceTree = "<group>";
		};
		D49E5F58101168FA00B7EEBB /* data */ = {
			isa = PBXGroup;
			children = (
				76162936105061C5008FDF67 /* tools */,
				D40E467D1011792D000D4830 /* models */,
				D49E5F5F101169D700B7EEBB /* BFSceneManager.h */,
				D49E5F60101169D700B7EEBB /* BFSceneManager.m */,
				D40C45991040CFA80033CC65 /* BFUtilityParser.h */,
				D40C459A1040CFA80033CC65 /* BFUtilityParser.m */,
				D415B25D105CA15F008A3541 /* BFConstants.h */,
			);
			name = data;
			sourceTree = "<group>";
		};
		D49E5F591011690100B7EEBB /* ui */ = {
			isa = PBXGroup;
			children = (
				D464130F10687553001522F6 /* controllers */,
				D464115210606AA1001522F6 /* tables */,
				D49E5F5B1011693500B7EEBB /* views */,
			);
			name = ui;
			sourceTree = "<group>";
		};
		D49E5F5B1011693500B7EEBB /* views */ = {
			isa = PBXGroup;
			children = (
				D40C3DD11039FA520033CC65 /* BFActorView.h */,
				D40C3DD21039FA520033CC65 /* BFActorView.m */,
				D40C3F69103B44EA0033CC65 /* BFSceneView.h */,
				D40C3F6A103B44EA0033CC65 /* BFSceneView.m */,
				D40C43C2103D015F0033CC65 /* BFRootView.h */,
				D40C43C3103D015F0033CC65 /* BFRootView.m */,
			);
			name = views;
			sourceTree = "<group>";
		};
		D4E2CEB81028F18B0039600E /* util */ = {
			isa = PBXGroup;
			children = (
				D415B1ED105C7BD8008A3541 /* FeedParser */,
				D4E2CEB91028F1A00039600E /* SynthesizeSingleton.h */,
			);
			name = util;
			sourceTree = "<group>";
		};
		D4E2CEBE102F19850039600E /* control */ = {
			isa = PBXGroup;
			children = (
				D4E2CEB51028F11D0039600E /* BFPresentationDispatch.h */,
				D4E2CEB61028F11D0039600E /* BFPresentationDispatch.m */,
				D4E2CEBF102F19A90039600E /* BFDispatch.h */,
			);
			name = control;
			sourceTree = "<group>";
		};
/* End PBXGroup section */

/* Begin PBXNativeTarget section */
		1D6058900D05DD3D006BFB54 /* Briefs */ = {
			isa = PBXNativeTarget;
			buildConfigurationList = 1D6058960D05DD3E006BFB54 /* Build configuration list for PBXNativeTarget "Briefs" */;
			buildPhases = (
				1D60588D0D05DD3D006BFB54 /* Resources */,
				1D60588E0D05DD3D006BFB54 /* Sources */,
				1D60588F0D05DD3D006BFB54 /* Frameworks */,
			);
			buildRules = (
			);
			dependencies = (
			);
			name = Briefs;
			productName = Briefs;
			productReference = 1D6058910D05DD3D006BFB54 /* Briefs.app */;
			productType = "com.apple.product-type.application";
		};
		7616282F10505870008FDF67 /* BriefsCompactor */ = {
			isa = PBXNativeTarget;
			buildConfigurationList = 76162832105058A7008FDF67 /* Build configuration list for PBXNativeTarget "BriefsCompactor" */;
			buildPhases = (
				7616282D10505870008FDF67 /* Sources */,
				7616282E10505870008FDF67 /* Frameworks */,
			);
			buildRules = (
			);
			dependencies = (
			);
			name = BriefsCompactor;
			productName = BriefsCompactor;
			productType = "com.apple.product-type.tool";
		};
/* End PBXNativeTarget section */

/* Begin PBXProject section */
		29B97313FDCFA39411CA2CEA /* Project object */ = {
			isa = PBXProject;
			buildConfigurationList = C01FCF4E08A954540054247B /* Build configuration list for PBXProject "Briefs" */;
			compatibilityVersion = "Xcode 3.1";
			hasScannedForEncodings = 1;
			mainGroup = 29B97314FDCFA39411CA2CEA /* CustomTemplate */;
			projectDirPath = "";
			projectRoot = "";
			targets = (
				1D6058900D05DD3D006BFB54 /* Briefs */,
				7616282F10505870008FDF67 /* BriefsCompactor */,
			);
		};
/* End PBXProject section */

/* Begin PBXResourcesBuildPhase section */
		1D60588D0D05DD3D006BFB54 /* Resources */ = {
			isa = PBXResourcesBuildPhase;
			buildActionMask = 2147483647;
			files = (
				76E8699B1051FCF200EB06C9 /* scene2.png in Resources */,
				76E8699C1051FCF200EB06C9 /* scene1.png in Resources */,
				76E8699A1051FCE800EB06C9 /* compacted.brieflist in Resources */,
				761627D3104F632C008FDF67 /* sample-brief.brieflist in Resources */,
				D40C420A103C94730033CC65 /* actor1.png in Resources */,
				76FD047E104CD159002E96FA /* BFBrowseViewController.xib in Resources */,
				76FD0483104CD1F1002E96FA /* MainWindow.xib in Resources */,
				D415B235105C989E008A3541 /* howto-cmpct.brieflist in Resources */,
				D46410FA105F2BD8001522F6 /* BFBriefcastViewController.xib in Resources */,
				D4641314106879AF001522F6 /* BFAddBriefcastViewController.xib in Resources */,
			);
			runOnlyForDeploymentPostprocessing = 0;
		};
/* End PBXResourcesBuildPhase section */

/* Begin PBXSourcesBuildPhase section */
		1D60588E0D05DD3D006BFB54 /* Sources */ = {
			isa = PBXSourcesBuildPhase;
			buildActionMask = 2147483647;
			files = (
				1D60589B0D05DD56006BFB54 /* main.m in Sources */,
				1D3623260D0F684500981E51 /* BriefsAppDelegate.m in Sources */,
				D49E5F5E1011696200B7EEBB /* BFSceneViewController.m in Sources */,
				D49E5F61101169D700B7EEBB /* BFSceneManager.m in Sources */,
				D4C9C6A0101171A800C87AA7 /* BFScene.m in Sources */,
				D40E4680101179AB000D4830 /* BFActor.m in Sources */,
				D4E2CEB71028F11D0039600E /* BFPresentationDispatch.m in Sources */,
				D40C3DD31039FA520033CC65 /* BFActorView.m in Sources */,
				D40C3F6B103B44EA0033CC65 /* BFSceneView.m in Sources */,
				D40C43C4103D015F0033CC65 /* BFRootView.m in Sources */,
				D40C459B1040CFA80033CC65 /* BFUtilityParser.m in Sources */,
				76FD02EF104CAF96002E96FA /* BFBrowseViewController.m in Sources */,
				D415B20D105C7BD8008A3541 /* NSDate_FeedParserExtensions.m in Sources */,
				D415B20E105C7BD8008A3541 /* NSString_extensions.m in Sources */,
				D415B20F105C7BD8008A3541 /* FPEnclosure.m in Sources */,
				D415B210105C7BD8008A3541 /* FPFeed.m in Sources */,
				D415B211105C7BD8008A3541 /* FPItem.m in Sources */,
				D415B212105C7BD8008A3541 /* FPLink.m in Sources */,
				D415B213105C7BD8008A3541 /* FPParser.m in Sources */,
				D415B214105C7BD8008A3541 /* FPXMLPair.m in Sources */,
				D415B215105C7BD8008A3541 /* FPXMLParser.m in Sources */,
				D415B216105C7BD8008A3541 /* FPExtensionElementNode.m in Sources */,
				D415B217105C7BD8008A3541 /* FPExtensionNode.m in Sources */,
				D415B218105C7BD8008A3541 /* FPExtensionTextNode.m in Sources */,
				D46410F9105F2BD8001522F6 /* BFBriefcastViewController.m in Sources */,
				D464117110606DDE001522F6 /* BFTableViewController.m in Sources */,
				D46411931065CF8C001522F6 /* BFBriefCellController.m in Sources */,
				D46411971065D59D001522F6 /* BFBriefcastCellController.m in Sources */,
				D464119A1065D6F8001522F6 /* BFBriefcast.m in Sources */,
				D4641313106879AF001522F6 /* BFAddBriefcastViewController.m in Sources */,
				D464133E10695048001522F6 /* BFTextCellController.m in Sources */,
			);
			runOnlyForDeploymentPostprocessing = 0;
		};
		7616282D10505870008FDF67 /* Sources */ = {
			isa = PBXSourcesBuildPhase;
			buildActionMask = 2147483647;
			files = (
				7616293B105061EF008FDF67 /* brief-compact.m in Sources */,
				7616285610505B6A008FDF67 /* BFSceneManager.m in Sources */,
				7616285710505B6A008FDF67 /* BFScene.m in Sources */,
				7616285810505B6A008FDF67 /* BFActor.m in Sources */,
			);
			runOnlyForDeploymentPostprocessing = 0;
		};
/* End PBXSourcesBuildPhase section */

/* Begin XCBuildConfiguration section */
		1D6058940D05DD3E006BFB54 /* Debug */ = {
			isa = XCBuildConfiguration;
			buildSettings = {
				ALWAYS_SEARCH_USER_PATHS = NO;
				COPY_PHASE_STRIP = NO;
				GCC_DYNAMIC_NO_PIC = NO;
				GCC_OPTIMIZATION_LEVEL = 0;
				GCC_PRECOMPILE_PREFIX_HEADER = YES;
				GCC_PREFIX_HEADER = Briefs_Prefix.pch;
				GCC_VERSION = com.apple.compilers.llvm.clang.1_0;
				INFOPLIST_FILE = "Briefs-Info.plist";
				PRODUCT_NAME = Briefs;
			};
			name = Debug;
		};
		1D6058950D05DD3E006BFB54 /* Release */ = {
			isa = XCBuildConfiguration;
			buildSettings = {
				ALWAYS_SEARCH_USER_PATHS = NO;
				COPY_PHASE_STRIP = YES;
				GCC_PRECOMPILE_PREFIX_HEADER = YES;
				GCC_PREFIX_HEADER = Briefs_Prefix.pch;
				INFOPLIST_FILE = "Briefs-Info.plist";
				PRODUCT_NAME = Briefs;
			};
			name = Release;
		};
		7616283010505871008FDF67 /* Debug */ = {
			isa = XCBuildConfiguration;
			buildSettings = {
				ALWAYS_SEARCH_USER_PATHS = NO;
				ARCHS = "$(ARCHS_STANDARD_32_64_BIT)";
				COPY_PHASE_STRIP = NO;
				GCC_DYNAMIC_NO_PIC = NO;
				GCC_ENABLE_FIX_AND_CONTINUE = YES;
				GCC_MODEL_TUNING = G5;
				GCC_OPTIMIZATION_LEVEL = 0;
				GCC_PRECOMPILE_PREFIX_HEADER = YES;
				GCC_PREFIX_HEADER = "$(SYSTEM_LIBRARY_DIR)/Frameworks/AppKit.framework/Headers/AppKit.h";
				GCC_VERSION = com.apple.compilers.llvm.clang.1_0;
				INSTALL_PATH = /usr/local/bin;
				OTHER_LDFLAGS = (
					"-framework",
					Foundation,
					"-framework",
					AppKit,
				);
				PREBINDING = NO;
				PRODUCT_NAME = "compact-briefs";
				SDKROOT = macosx10.5;
			};
			name = Debug;
		};
		7616283110505871008FDF67 /* Release */ = {
			isa = XCBuildConfiguration;
			buildSettings = {
				ALWAYS_SEARCH_USER_PATHS = NO;
				ARCHS = "$(ARCHS_STANDARD_32_64_BIT)";
				COPY_PHASE_STRIP = YES;
				DEBUG_INFORMATION_FORMAT = "dwarf-with-dsym";
				GCC_ENABLE_FIX_AND_CONTINUE = NO;
				GCC_MODEL_TUNING = G5;
				GCC_PRECOMPILE_PREFIX_HEADER = YES;
				GCC_PREFIX_HEADER = "$(SYSTEM_LIBRARY_DIR)/Frameworks/AppKit.framework/Headers/AppKit.h";
				INSTALL_PATH = /usr/local/bin;
				OTHER_LDFLAGS = (
					"-framework",
					Foundation,
					"-framework",
					AppKit,
				);
				PREBINDING = NO;
				PRODUCT_NAME = BriefsCompactor;
				SDKROOT = macosx10.5;
				ZERO_LINK = NO;
			};
			name = Release;
		};
		C01FCF4F08A954540054247B /* Debug */ = {
			isa = XCBuildConfiguration;
			buildSettings = {
				ARCHS = "$(ARCHS_STANDARD_32_BIT)";
				"CODE_SIGN_IDENTITY[sdk=iphoneos*]" = "iPhone Developer";
				GCC_C_LANGUAGE_STANDARD = c99;
				GCC_WARN_ABOUT_RETURN_TYPE = YES;
				GCC_WARN_UNUSED_VARIABLE = YES;
				ONLY_ACTIVE_ARCH = YES;
				PREBINDING = NO;
				SDKROOT = iphoneos3.0;
			};
			name = Debug;
		};
		C01FCF5008A954540054247B /* Release */ = {
			isa = XCBuildConfiguration;
			buildSettings = {
				ARCHS = "$(ARCHS_STANDARD_32_BIT)";
				"CODE_SIGN_IDENTITY[sdk=iphoneos*]" = "iPhone Developer";
				GCC_C_LANGUAGE_STANDARD = c99;
				GCC_WARN_ABOUT_RETURN_TYPE = YES;
				GCC_WARN_UNUSED_VARIABLE = YES;
				PREBINDING = NO;
				SDKROOT = iphoneos3.0;
			};
			name = Release;
		};
/* End XCBuildConfiguration section */

/* Begin XCConfigurationList section */
		1D6058960D05DD3E006BFB54 /* Build configuration list for PBXNativeTarget "Briefs" */ = {
			isa = XCConfigurationList;
			buildConfigurations = (
				1D6058940D05DD3E006BFB54 /* Debug */,
				1D6058950D05DD3E006BFB54 /* Release */,
			);
			defaultConfigurationIsVisible = 0;
			defaultConfigurationName = Release;
		};
		76162832105058A7008FDF67 /* Build configuration list for PBXNativeTarget "BriefsCompactor" */ = {
			isa = XCConfigurationList;
			buildConfigurations = (
				7616283010505871008FDF67 /* Debug */,
				7616283110505871008FDF67 /* Release */,
			);
			defaultConfigurationIsVisible = 0;
			defaultConfigurationName = Release;
		};
		C01FCF4E08A954540054247B /* Build configuration list for PBXProject "Briefs" */ = {
			isa = XCConfigurationList;
			buildConfigurations = (
				C01FCF4F08A954540054247B /* Debug */,
				C01FCF5008A954540054247B /* Release */,
			);
			defaultConfigurationIsVisible = 0;
			defaultConfigurationName = Release;
		};
/* End XCConfigurationList section */
	};
	rootObject = 29B97313FDCFA39411CA2CEA /* Project object */;
}
