// !$*UTF8*$!
{
	archiveVersion = 1;
	classes = {
	};
	objectVersion = 45;
	objects = {

/* Begin PBXBuildFile section */
		0005E52D10E83C99006D44A2 /* TransitionsGallery.brieflist in Resources */ = {isa = PBXBuildFile; fileRef = 0005E52C10E83C99006D44A2 /* TransitionsGallery.brieflist */; };
		1D3623260D0F684500981E51 /* BriefsAppDelegate.m in Sources */ = {isa = PBXBuildFile; fileRef = 1D3623250D0F684500981E51 /* BriefsAppDelegate.m */; };
		1D60589B0D05DD56006BFB54 /* main.m in Sources */ = {isa = PBXBuildFile; fileRef = 29B97316FDCFA39411CA2CEA /* main.m */; };
		1D60589F0D05DD5A006BFB54 /* Foundation.framework in Frameworks */ = {isa = PBXBuildFile; fileRef = 1D30AB110D05D00D00671497 /* Foundation.framework */; };
		1DF5F4E00D08C38300B7A737 /* UIKit.framework in Frameworks */ = {isa = PBXBuildFile; fileRef = 1DF5F4DF0D08C38300B7A737 /* UIKit.framework */; };
		288765FD0DF74451002DB57D /* CoreGraphics.framework in Frameworks */ = {isa = PBXBuildFile; fileRef = 288765FC0DF74451002DB57D /* CoreGraphics.framework */; };
		7616293B105061EF008FDF67 /* brief-compact.m in Sources */ = {isa = PBXBuildFile; fileRef = 7616293210506098008FDF67 /* brief-compact.m */; };
		76E8699A1051FCE800EB06C9 /* sample-brief.brieflist in Resources */ = {isa = PBXBuildFile; fileRef = 76E869931051FCD700EB06C9 /* sample-brief.brieflist */; };
		76FD02EF104CAF96002E96FA /* BFBrowseViewController.m in Sources */ = {isa = PBXBuildFile; fileRef = 76FD02ED104CAF96002E96FA /* BFBrowseViewController.m */; };
		D415B20D105C7BD8008A3541 /* NSDate_FeedParserExtensions.m in Sources */ = {isa = PBXBuildFile; fileRef = D415B1F0105C7BD8008A3541 /* NSDate_FeedParserExtensions.m */; };
		D415B20E105C7BD8008A3541 /* NSString_extensions.m in Sources */ = {isa = PBXBuildFile; fileRef = D415B1F2105C7BD8008A3541 /* NSString_extensions.m */; };
		D415B20F105C7BD8008A3541 /* FPEnclosure.m in Sources */ = {isa = PBXBuildFile; fileRef = D415B1F5105C7BD8008A3541 /* FPEnclosure.m */; };
		D415B210105C7BD8008A3541 /* FPFeed.m in Sources */ = {isa = PBXBuildFile; fileRef = D415B1F8105C7BD8008A3541 /* FPFeed.m */; };
		D415B211105C7BD8008A3541 /* FPItem.m in Sources */ = {isa = PBXBuildFile; fileRef = D415B1FA105C7BD8008A3541 /* FPItem.m */; };
		D415B212105C7BD8008A3541 /* FPLink.m in Sources */ = {isa = PBXBuildFile; fileRef = D415B1FC105C7BD8008A3541 /* FPLink.m */; };
		D415B213105C7BD8008A3541 /* FPParser.m in Sources */ = {isa = PBXBuildFile; fileRef = D415B1FE105C7BD8008A3541 /* FPParser.m */; };
		D415B214105C7BD8008A3541 /* FPXMLPair.m in Sources */ = {isa = PBXBuildFile; fileRef = D415B202105C7BD8008A3541 /* FPXMLPair.m */; };
		D415B215105C7BD8008A3541 /* FPXMLParser.m in Sources */ = {isa = PBXBuildFile; fileRef = D415B204105C7BD8008A3541 /* FPXMLParser.m */; };
		D415B216105C7BD8008A3541 /* FPExtensionElementNode.m in Sources */ = {isa = PBXBuildFile; fileRef = D415B208105C7BD8008A3541 /* FPExtensionElementNode.m */; };
		D415B217105C7BD8008A3541 /* FPExtensionNode.m in Sources */ = {isa = PBXBuildFile; fileRef = D415B20A105C7BD8008A3541 /* FPExtensionNode.m */; };
		D415B218105C7BD8008A3541 /* FPExtensionTextNode.m in Sources */ = {isa = PBXBuildFile; fileRef = D415B20C105C7BD8008A3541 /* FPExtensionTextNode.m */; };
		D4309741106AB75B00C1EC5E /* BFDataManager.m in Sources */ = {isa = PBXBuildFile; fileRef = D4309740106AB75B00C1EC5E /* BFDataManager.m */; };
		D4309743106AC10B00C1EC5E /* Briefs-data.plist in Resources */ = {isa = PBXBuildFile; fileRef = D4309742106AC10B00C1EC5E /* Briefs-data.plist */; };
		D463E8FF107310170075CCCE /* BFBriefcastViewController.m in Sources */ = {isa = PBXBuildFile; fileRef = D463E8FE107310170075CCCE /* BFBriefcastViewController.m */; };
		D464117110606DDE001522F6 /* BFTableViewController.m in Sources */ = {isa = PBXBuildFile; fileRef = D464117010606DDE001522F6 /* BFTableViewController.m */; };
		D46411931065CF8C001522F6 /* BFBriefCellController.m in Sources */ = {isa = PBXBuildFile; fileRef = D46411921065CF8C001522F6 /* BFBriefCellController.m */; };
		D46411971065D59D001522F6 /* BFBriefcastCellController.m in Sources */ = {isa = PBXBuildFile; fileRef = D46411961065D59D001522F6 /* BFBriefcastCellController.m */; };
		D4641313106879AF001522F6 /* BFAddBriefcastViewController.m in Sources */ = {isa = PBXBuildFile; fileRef = D4641311106879AF001522F6 /* BFAddBriefcastViewController.m */; };
		D4641314106879AF001522F6 /* BFAddBriefcastViewController.xib in Resources */ = {isa = PBXBuildFile; fileRef = D4641312106879AF001522F6 /* BFAddBriefcastViewController.xib */; };
		D464133E10695048001522F6 /* BFTextCellController.m in Sources */ = {isa = PBXBuildFile; fileRef = D464133D10695048001522F6 /* BFTextCellController.m */; };
		D46A15D310D1FF1000B92FDF /* actions-sample.brieflist in Resources */ = {isa = PBXBuildFile; fileRef = D46A15D210D1FF1000B92FDF /* actions-sample.brieflist */; };
		D46B795F10A615F800CCD698 /* BFButtonCellController.m in Sources */ = {isa = PBXBuildFile; fileRef = D46B795E10A615F800CCD698 /* BFButtonCellController.m */; };
		D46B799210A61B3D00CCD698 /* BFRemoteBriefCellController.m in Sources */ = {isa = PBXBuildFile; fileRef = D46B799110A61B3D00CCD698 /* BFRemoteBriefCellController.m */; };
		D47200A810A1139500601755 /* 37-suitcase.png in Resources */ = {isa = PBXBuildFile; fileRef = D47200A710A1139500601755 /* 37-suitcase.png */; };
		D47200BA10A11A0500601755 /* small-gradient.png in Resources */ = {isa = PBXBuildFile; fileRef = D47200B910A11A0500601755 /* small-gradient.png */; };
		D47200BD10A11A5100601755 /* BFHeaderCellController.m in Sources */ = {isa = PBXBuildFile; fileRef = D47200BC10A11A5100601755 /* BFHeaderCellController.m */; };
		D472018F10A294BA00601755 /* 58-bookmark.png in Resources */ = {isa = PBXBuildFile; fileRef = D472018E10A294BA00601755 /* 58-bookmark.png */; };
		D47F4B75113CC3E400EEB871 /* BFActor.m in Sources */ = {isa = PBXBuildFile; fileRef = D4A39792113B7591004971E9 /* BFActor.m */; };
		D47F4B76113CC3E400EEB871 /* BFBriefcast.m in Sources */ = {isa = PBXBuildFile; fileRef = D4A39794113B7591004971E9 /* BFBriefcast.m */; };
		D47F4B77113CC3E400EEB871 /* BFScene.m in Sources */ = {isa = PBXBuildFile; fileRef = D4A39797113B7591004971E9 /* BFScene.m */; };
		D47F4B78113CC3E400EEB871 /* BFSceneManager.m in Sources */ = {isa = PBXBuildFile; fileRef = D4A39799113B7591004971E9 /* BFSceneManager.m */; };
		D482E4FD10EEECC700678404 /* BFMainViewController.m in Sources */ = {isa = PBXBuildFile; fileRef = D482E4FB10EEECC700678404 /* BFMainViewController.m */; };
		D482E4FE10EEECC700678404 /* BFMainViewController.xib in Resources */ = {isa = PBXBuildFile; fileRef = D482E4FC10EEECC700678404 /* BFMainViewController.xib */; };
		D482E50210EEF08A00678404 /* menu-bg.png in Resources */ = {isa = PBXBuildFile; fileRef = D482E50110EEF08A00678404 /* menu-bg.png */; };
		D482E50410EEF4E100678404 /* main-bg.png in Resources */ = {isa = PBXBuildFile; fileRef = D482E50310EEF4E100678404 /* main-bg.png */; };
		D482E51910EEFB0D00678404 /* blue-button-bg.png in Resources */ = {isa = PBXBuildFile; fileRef = D482E51710EEFB0D00678404 /* blue-button-bg.png */; };
		D482E51A10EEFB0D00678404 /* gray-button-bg.png in Resources */ = {isa = PBXBuildFile; fileRef = D482E51810EEFB0D00678404 /* gray-button-bg.png */; };
		D482E54510F03FE000678404 /* BFColor.m in Sources */ = {isa = PBXBuildFile; fileRef = D482E54410F03FE000678404 /* BFColor.m */; };
		D4991095109FEA85008C5E17 /* BFParagraphCellController.m in Sources */ = {isa = PBXBuildFile; fileRef = D4991094109FEA85008C5E17 /* BFParagraphCellController.m */; };
		D4A394BA1130F926004971E9 /* flag.png in Resources */ = {isa = PBXBuildFile; fileRef = D4A394B91130F926004971E9 /* flag.png */; };
		D4A3976D113B70AB004971E9 /* BFRootView+TapHoldGesture.m in Sources */ = {isa = PBXBuildFile; fileRef = D4A3976C113B70AB004971E9 /* BFRootView+TapHoldGesture.m */; };
		D4A3979C113B7591004971E9 /* BFActor.m in Sources */ = {isa = PBXBuildFile; fileRef = D4A39792113B7591004971E9 /* BFActor.m */; };
		D4A3979D113B7591004971E9 /* BFBriefcast.m in Sources */ = {isa = PBXBuildFile; fileRef = D4A39794113B7591004971E9 /* BFBriefcast.m */; };
		D4A3979E113B7591004971E9 /* BFScene.m in Sources */ = {isa = PBXBuildFile; fileRef = D4A39797113B7591004971E9 /* BFScene.m */; };
		D4A3979F113B7591004971E9 /* BFSceneManager.m in Sources */ = {isa = PBXBuildFile; fileRef = D4A39799113B7591004971E9 /* BFSceneManager.m */; };
		D4A397A0113B7591004971E9 /* BFUtilityParser.m in Sources */ = {isa = PBXBuildFile; fileRef = D4A3979B113B7591004971E9 /* BFUtilityParser.m */; };
		D4A397A9113B76BC004971E9 /* BFActorView.m in Sources */ = {isa = PBXBuildFile; fileRef = D4A397A4113B76BC004971E9 /* BFActorView.m */; };
		D4A397AA113B76BC004971E9 /* BFRootView.m in Sources */ = {isa = PBXBuildFile; fileRef = D4A397A6113B76BC004971E9 /* BFRootView.m */; };
		D4A397AB113B76BC004971E9 /* BFSceneView.m in Sources */ = {isa = PBXBuildFile; fileRef = D4A397A8113B76BC004971E9 /* BFSceneView.m */; };
		D4A397AF113B7720004971E9 /* BFPresentationDispatch.m in Sources */ = {isa = PBXBuildFile; fileRef = D4A397AE113B7720004971E9 /* BFPresentationDispatch.m */; };
		D4A397B3113B7752004971E9 /* BFViewUtilityParser.m in Sources */ = {isa = PBXBuildFile; fileRef = D4A397B2113B7752004971E9 /* BFViewUtilityParser.m */; };
		D4A397B7113B7796004971E9 /* BFSceneViewController.m in Sources */ = {isa = PBXBuildFile; fileRef = D4A397B6113B7796004971E9 /* BFSceneViewController.m */; };
		D4C0F3A810C7710A008E8DE5 /* transition-sample.brieflist in Resources */ = {isa = PBXBuildFile; fileRef = D4C0F3A710C7710A008E8DE5 /* transition-sample.brieflist */; };
		D4C3275310B20DC600AB1F5E /* BFLoadingViewController.m in Sources */ = {isa = PBXBuildFile; fileRef = D4C3275110B20DC600AB1F5E /* BFLoadingViewController.m */; };
		D4C3275410B20DC600AB1F5E /* BFLoadingViewController.xib in Resources */ = {isa = PBXBuildFile; fileRef = D4C3275210B20DC600AB1F5E /* BFLoadingViewController.xib */; };
		D4CA28EC1076EDFA00AA84FE /* BFLabelCellController.m in Sources */ = {isa = PBXBuildFile; fileRef = D4CA28EB1076EDFA00AA84FE /* BFLabelCellController.m */; };
		D4CA29381076F60500AA84FE /* BFBriefcastViewController.xib in Resources */ = {isa = PBXBuildFile; fileRef = D4CA29351076F60500AA84FE /* BFBriefcastViewController.xib */; };
		D4CA29391076F60500AA84FE /* BFBrowseViewController.xib in Resources */ = {isa = PBXBuildFile; fileRef = D4CA29361076F60500AA84FE /* BFBrowseViewController.xib */; };
		D4CA293A1076F60500AA84FE /* MainWindow.xib in Resources */ = {isa = PBXBuildFile; fileRef = D4CA29371076F60500AA84FE /* MainWindow.xib */; };
		D4CA299F107907CF00AA84FE /* BFCellConfiguration.m in Sources */ = {isa = PBXBuildFile; fileRef = D4CA299E107907CF00AA84FE /* BFCellConfiguration.m */; };
		D4CA29E310799E5D00AA84FE /* BFTitleCellController.m in Sources */ = {isa = PBXBuildFile; fileRef = D4CA29E210799E5D00AA84FE /* BFTitleCellController.m */; };
		D4D4B7CB11700D74009D70D0 /* pop-up-bgfull.png in Resources */ = {isa = PBXBuildFile; fileRef = D4D4B7CA11700D74009D70D0 /* pop-up-bgfull.png */; };
		D4D4BB2B11710AAA009D70D0 /* BFRemoteBriefSaver.m in Sources */ = {isa = PBXBuildFile; fileRef = D4D4BB2911710AAA009D70D0 /* BFRemoteBriefSaver.m */; };
		D4D4BB2C11710AAA009D70D0 /* BFRemoteBriefSaver.xib in Resources */ = {isa = PBXBuildFile; fileRef = D4D4BB2A11710AAA009D70D0 /* BFRemoteBriefSaver.xib */; };
		D4D4BB3011710E52009D70D0 /* confirm-action.png in Resources */ = {isa = PBXBuildFile; fileRef = D4D4BB2E11710E52009D70D0 /* confirm-action.png */; };
		D4D4BB3111710E52009D70D0 /* confirm-cancel.png in Resources */ = {isa = PBXBuildFile; fileRef = D4D4BB2F11710E52009D70D0 /* confirm-cancel.png */; };
		D4D4BC371172552B009D70D0 /* preview-refresh-bg.png in Resources */ = {isa = PBXBuildFile; fileRef = D4D4BC361172552B009D70D0 /* preview-refresh-bg.png */; };
		D4D4BC39117255A2009D70D0 /* PreviewRefreshLoad.xib in Resources */ = {isa = PBXBuildFile; fileRef = D4D4BC38117255A2009D70D0 /* PreviewRefreshLoad.xib */; };
		D4D4BC821172790C009D70D0 /* browse-briefcasts.png in Resources */ = {isa = PBXBuildFile; fileRef = D4D4BC811172790C009D70D0 /* browse-briefcasts.png */; };
		D4D4BC8411727A7C009D70D0 /* built-in-button.png in Resources */ = {isa = PBXBuildFile; fileRef = D4D4BC8311727A7C009D70D0 /* built-in-button.png */; };
		D4D4BC9B11728150009D70D0 /* UINavigationBar+CustomBackground.m in Sources */ = {isa = PBXBuildFile; fileRef = D4D4BC9A11728150009D70D0 /* UINavigationBar+CustomBackground.m */; };
		D4D4BC9D11728248009D70D0 /* navigation-bar.png in Resources */ = {isa = PBXBuildFile; fileRef = D4D4BC9C11728248009D70D0 /* navigation-bar.png */; };
		D4F210D3118BD5E20041F87C /* root-menu-bg.png in Resources */ = {isa = PBXBuildFile; fileRef = D4F210D2118BD5E20041F87C /* root-menu-bg.png */; };
		D4F210D5118BD6520041F87C /* top-nav-button.png in Resources */ = {isa = PBXBuildFile; fileRef = D4F210D4118BD6520041F87C /* top-nav-button.png */; };
		D4F210F9118C72750041F87C /* BFMainViewDefaultController.m in Sources */ = {isa = PBXBuildFile; fileRef = D4F210F7118C72750041F87C /* BFMainViewDefaultController.m */; };
		D4F210FA118C72750041F87C /* BFMainViewDefaultController.xib in Resources */ = {isa = PBXBuildFile; fileRef = D4F210F8118C72750041F87C /* BFMainViewDefaultController.xib */; };
/* End PBXBuildFile section */

/* Begin PBXFileReference section */
		0005E52C10E83C99006D44A2 /* TransitionsGallery.brieflist */ = {isa = PBXFileReference; lastKnownFileType = file.bplist; name = TransitionsGallery.brieflist; path = sample/TransitionsGallery.brieflist; sourceTree = "<group>"; };
		1D30AB110D05D00D00671497 /* Foundation.framework */ = {isa = PBXFileReference; lastKnownFileType = wrapper.framework; name = Foundation.framework; path = System/Library/Frameworks/Foundation.framework; sourceTree = SDKROOT; };
		1D3623240D0F684500981E51 /* BriefsAppDelegate.h */ = {isa = PBXFileReference; fileEncoding = 4; lastKnownFileType = sourcecode.c.h; name = BriefsAppDelegate.h; path = Classes/BriefsAppDelegate.h; sourceTree = "<group>"; };
		1D3623250D0F684500981E51 /* BriefsAppDelegate.m */ = {isa = PBXFileReference; fileEncoding = 4; lastKnownFileType = sourcecode.c.objc; name = BriefsAppDelegate.m; path = Classes/BriefsAppDelegate.m; sourceTree = "<group>"; };
		1D6058910D05DD3D006BFB54 /* Briefs.app */ = {isa = PBXFileReference; explicitFileType = wrapper.application; includeInIndex = 0; path = Briefs.app; sourceTree = BUILT_PRODUCTS_DIR; };
		1DF5F4DF0D08C38300B7A737 /* UIKit.framework */ = {isa = PBXFileReference; lastKnownFileType = wrapper.framework; name = UIKit.framework; path = System/Library/Frameworks/UIKit.framework; sourceTree = SDKROOT; };
		288765FC0DF74451002DB57D /* CoreGraphics.framework */ = {isa = PBXFileReference; lastKnownFileType = wrapper.framework; name = CoreGraphics.framework; path = System/Library/Frameworks/CoreGraphics.framework; sourceTree = SDKROOT; };
		29B97316FDCFA39411CA2CEA /* main.m */ = {isa = PBXFileReference; fileEncoding = 4; lastKnownFileType = sourcecode.c.objc; path = main.m; sourceTree = "<group>"; };
		32CA4F630368D1EE00C91783 /* Briefs_Prefix.pch */ = {isa = PBXFileReference; fileEncoding = 4; lastKnownFileType = sourcecode.c.h; path = Briefs_Prefix.pch; sourceTree = "<group>"; };
		761627D2104F632C008FDF67 /* sample-brief-source.brieflist */ = {isa = PBXFileReference; fileEncoding = 4; lastKnownFileType = text.xml; name = "sample-brief-source.brieflist"; path = "sample/sample-brief-source.brieflist"; sourceTree = "<group>"; };
		7616293210506098008FDF67 /* brief-compact.m */ = {isa = PBXFileReference; fileEncoding = 4; lastKnownFileType = sourcecode.c.objc; path = "brief-compact.m"; sourceTree = "<group>"; };
		76E869931051FCD700EB06C9 /* sample-brief.brieflist */ = {isa = PBXFileReference; lastKnownFileType = file.bplist; name = "sample-brief.brieflist"; path = "sample/sample-brief.brieflist"; sourceTree = "<group>"; };
		76FD02EC104CAF96002E96FA /* BFBrowseViewController.h */ = {isa = PBXFileReference; fileEncoding = 4; lastKnownFileType = sourcecode.c.h; path = BFBrowseViewController.h; sourceTree = "<group>"; };
		76FD02ED104CAF96002E96FA /* BFBrowseViewController.m */ = {isa = PBXFileReference; fileEncoding = 4; lastKnownFileType = sourcecode.c.objc; path = BFBrowseViewController.m; sourceTree = "<group>"; };
		8D1107310486CEB800E47090 /* Briefs-Info.plist */ = {isa = PBXFileReference; fileEncoding = 4; lastKnownFileType = text.plist.xml; path = "Briefs-Info.plist"; plistStructureDefinitionIdentifier = "com.apple.xcode.plist.structure-definition.iphone.info-plist"; sourceTree = "<group>"; };
		D40C4209103C94730033CC65 /* actor1.png */ = {isa = PBXFileReference; lastKnownFileType = image.png; name = actor1.png; path = sample/actor1.png; sourceTree = "<group>"; };
		D415B1EF105C7BD8008A3541 /* NSDate_FeedParserExtensions.h */ = {isa = PBXFileReference; fileEncoding = 4; lastKnownFileType = sourcecode.c.h; path = NSDate_FeedParserExtensions.h; sourceTree = "<group>"; };
		D415B1F0105C7BD8008A3541 /* NSDate_FeedParserExtensions.m */ = {isa = PBXFileReference; fileEncoding = 4; lastKnownFileType = sourcecode.c.objc; path = NSDate_FeedParserExtensions.m; sourceTree = "<group>"; };
		D415B1F1105C7BD8008A3541 /* NSString_extensions.h */ = {isa = PBXFileReference; fileEncoding = 4; lastKnownFileType = sourcecode.c.h; path = NSString_extensions.h; sourceTree = "<group>"; };
		D415B1F2105C7BD8008A3541 /* NSString_extensions.m */ = {isa = PBXFileReference; fileEncoding = 4; lastKnownFileType = sourcecode.c.objc; path = NSString_extensions.m; sourceTree = "<group>"; };
		D415B1F3105C7BD8008A3541 /* FeedParser.h */ = {isa = PBXFileReference; fileEncoding = 4; lastKnownFileType = sourcecode.c.h; path = FeedParser.h; sourceTree = "<group>"; };
		D415B1F4105C7BD8008A3541 /* FPEnclosure.h */ = {isa = PBXFileReference; fileEncoding = 4; lastKnownFileType = sourcecode.c.h; path = FPEnclosure.h; sourceTree = "<group>"; };
		D415B1F5105C7BD8008A3541 /* FPEnclosure.m */ = {isa = PBXFileReference; fileEncoding = 4; lastKnownFileType = sourcecode.c.objc; path = FPEnclosure.m; sourceTree = "<group>"; };
		D415B1F6105C7BD8008A3541 /* FPErrors.h */ = {isa = PBXFileReference; fileEncoding = 4; lastKnownFileType = sourcecode.c.h; path = FPErrors.h; sourceTree = "<group>"; };
		D415B1F7105C7BD8008A3541 /* FPFeed.h */ = {isa = PBXFileReference; fileEncoding = 4; lastKnownFileType = sourcecode.c.h; path = FPFeed.h; sourceTree = "<group>"; };
		D415B1F8105C7BD8008A3541 /* FPFeed.m */ = {isa = PBXFileReference; fileEncoding = 4; lastKnownFileType = sourcecode.c.objc; path = FPFeed.m; sourceTree = "<group>"; };
		D415B1F9105C7BD8008A3541 /* FPItem.h */ = {isa = PBXFileReference; fileEncoding = 4; lastKnownFileType = sourcecode.c.h; path = FPItem.h; sourceTree = "<group>"; };
		D415B1FA105C7BD8008A3541 /* FPItem.m */ = {isa = PBXFileReference; fileEncoding = 4; lastKnownFileType = sourcecode.c.objc; path = FPItem.m; sourceTree = "<group>"; };
		D415B1FB105C7BD8008A3541 /* FPLink.h */ = {isa = PBXFileReference; fileEncoding = 4; lastKnownFileType = sourcecode.c.h; path = FPLink.h; sourceTree = "<group>"; };
		D415B1FC105C7BD8008A3541 /* FPLink.m */ = {isa = PBXFileReference; fileEncoding = 4; lastKnownFileType = sourcecode.c.objc; path = FPLink.m; sourceTree = "<group>"; };
		D415B1FD105C7BD8008A3541 /* FPParser.h */ = {isa = PBXFileReference; fileEncoding = 4; lastKnownFileType = sourcecode.c.h; path = FPParser.h; sourceTree = "<group>"; };
		D415B1FE105C7BD8008A3541 /* FPParser.m */ = {isa = PBXFileReference; fileEncoding = 4; lastKnownFileType = sourcecode.c.objc; path = FPParser.m; sourceTree = "<group>"; };
		D415B200105C7BD8008A3541 /* FPExtensionElementNode_Private.h */ = {isa = PBXFileReference; fileEncoding = 4; lastKnownFileType = sourcecode.c.h; path = FPExtensionElementNode_Private.h; sourceTree = "<group>"; };
		D415B201105C7BD8008A3541 /* FPXMLPair.h */ = {isa = PBXFileReference; fileEncoding = 4; lastKnownFileType = sourcecode.c.h; path = FPXMLPair.h; sourceTree = "<group>"; };
		D415B202105C7BD8008A3541 /* FPXMLPair.m */ = {isa = PBXFileReference; fileEncoding = 4; lastKnownFileType = sourcecode.c.objc; path = FPXMLPair.m; sourceTree = "<group>"; };
		D415B203105C7BD8008A3541 /* FPXMLParser.h */ = {isa = PBXFileReference; fileEncoding = 4; lastKnownFileType = sourcecode.c.h; path = FPXMLParser.h; sourceTree = "<group>"; };
		D415B204105C7BD8008A3541 /* FPXMLParser.m */ = {isa = PBXFileReference; fileEncoding = 4; lastKnownFileType = sourcecode.c.objc; path = FPXMLParser.m; sourceTree = "<group>"; };
		D415B205105C7BD8008A3541 /* FPXMLParserProtocol.h */ = {isa = PBXFileReference; fileEncoding = 4; lastKnownFileType = sourcecode.c.h; path = FPXMLParserProtocol.h; sourceTree = "<group>"; };
		D415B207105C7BD8008A3541 /* FPExtensionElementNode.h */ = {isa = PBXFileReference; fileEncoding = 4; lastKnownFileType = sourcecode.c.h; path = FPExtensionElementNode.h; sourceTree = "<group>"; };
		D415B208105C7BD8008A3541 /* FPExtensionElementNode.m */ = {isa = PBXFileReference; fileEncoding = 4; lastKnownFileType = sourcecode.c.objc; path = FPExtensionElementNode.m; sourceTree = "<group>"; };
		D415B209105C7BD8008A3541 /* FPExtensionNode.h */ = {isa = PBXFileReference; fileEncoding = 4; lastKnownFileType = sourcecode.c.h; path = FPExtensionNode.h; sourceTree = "<group>"; };
		D415B20A105C7BD8008A3541 /* FPExtensionNode.m */ = {isa = PBXFileReference; fileEncoding = 4; lastKnownFileType = sourcecode.c.objc; path = FPExtensionNode.m; sourceTree = "<group>"; };
		D415B20B105C7BD8008A3541 /* FPExtensionTextNode.h */ = {isa = PBXFileReference; fileEncoding = 4; lastKnownFileType = sourcecode.c.h; path = FPExtensionTextNode.h; sourceTree = "<group>"; };
		D415B20C105C7BD8008A3541 /* FPExtensionTextNode.m */ = {isa = PBXFileReference; fileEncoding = 4; lastKnownFileType = sourcecode.c.objc; path = FPExtensionTextNode.m; sourceTree = "<group>"; };
		D415B21D105C8309008A3541 /* briefcast.xml */ = {isa = PBXFileReference; fileEncoding = 4; lastKnownFileType = text.xml; path = briefcast.xml; sourceTree = "<group>"; };
		D415B220105C91A5008A3541 /* control-left.png */ = {isa = PBXFileReference; lastKnownFileType = image.png; path = "control-left.png"; sourceTree = "<group>"; };
		D415B221105C91A5008A3541 /* control-right.png */ = {isa = PBXFileReference; lastKnownFileType = image.png; path = "control-right.png"; sourceTree = "<group>"; };
		D415B222105C91A5008A3541 /* howto-source.brieflist */ = {isa = PBXFileReference; fileEncoding = 4; lastKnownFileType = text.xml; path = "howto-source.brieflist"; sourceTree = "<group>"; };
		D415B223105C91A5008A3541 /* step1.png */ = {isa = PBXFileReference; lastKnownFileType = image.png; path = step1.png; sourceTree = "<group>"; };
		D415B224105C91A5008A3541 /* step2.png */ = {isa = PBXFileReference; lastKnownFileType = image.png; path = step2.png; sourceTree = "<group>"; };
		D415B225105C91A5008A3541 /* step3.png */ = {isa = PBXFileReference; lastKnownFileType = image.png; path = step3.png; sourceTree = "<group>"; };
		D415B226105C91A5008A3541 /* step4.png */ = {isa = PBXFileReference; lastKnownFileType = image.png; path = step4.png; sourceTree = "<group>"; };
		D430973F106AB75B00C1EC5E /* BFDataManager.h */ = {isa = PBXFileReference; fileEncoding = 4; lastKnownFileType = sourcecode.c.h; path = BFDataManager.h; sourceTree = "<group>"; };
		D4309740106AB75B00C1EC5E /* BFDataManager.m */ = {isa = PBXFileReference; fileEncoding = 4; lastKnownFileType = sourcecode.c.objc; path = BFDataManager.m; sourceTree = "<group>"; };
		D4309742106AC10B00C1EC5E /* Briefs-data.plist */ = {isa = PBXFileReference; fileEncoding = 4; lastKnownFileType = text.plist.xml; path = "Briefs-data.plist"; sourceTree = "<group>"; };
		D43863920FFAD0EE0041D688 /* scene1.png */ = {isa = PBXFileReference; lastKnownFileType = image.png; name = scene1.png; path = sample/scene1.png; sourceTree = "<group>"; };
		D463E8FD107310170075CCCE /* BFBriefcastViewController.h */ = {isa = PBXFileReference; fileEncoding = 4; lastKnownFileType = sourcecode.c.h; path = BFBriefcastViewController.h; sourceTree = "<group>"; };
		D463E8FE107310170075CCCE /* BFBriefcastViewController.m */ = {isa = PBXFileReference; fileEncoding = 4; lastKnownFileType = sourcecode.c.objc; path = BFBriefcastViewController.m; sourceTree = "<group>"; wrapsLines = 0; };
		D464116F10606DDE001522F6 /* BFTableViewController.h */ = {isa = PBXFileReference; fileEncoding = 4; lastKnownFileType = sourcecode.c.h; path = BFTableViewController.h; sourceTree = "<group>"; };
		D464117010606DDE001522F6 /* BFTableViewController.m */ = {isa = PBXFileReference; fileEncoding = 4; lastKnownFileType = sourcecode.c.objc; path = BFTableViewController.m; sourceTree = "<group>"; };
		D464118D10606F38001522F6 /* BFCellController.h */ = {isa = PBXFileReference; fileEncoding = 4; lastKnownFileType = sourcecode.c.h; path = BFCellController.h; sourceTree = "<group>"; };
		D46411911065CF8C001522F6 /* BFBriefCellController.h */ = {isa = PBXFileReference; fileEncoding = 4; lastKnownFileType = sourcecode.c.h; path = BFBriefCellController.h; sourceTree = "<group>"; };
		D46411921065CF8C001522F6 /* BFBriefCellController.m */ = {isa = PBXFileReference; fileEncoding = 4; lastKnownFileType = sourcecode.c.objc; path = BFBriefCellController.m; sourceTree = "<group>"; };
		D46411951065D59D001522F6 /* BFBriefcastCellController.h */ = {isa = PBXFileReference; fileEncoding = 4; lastKnownFileType = sourcecode.c.h; path = BFBriefcastCellController.h; sourceTree = "<group>"; };
		D46411961065D59D001522F6 /* BFBriefcastCellController.m */ = {isa = PBXFileReference; fileEncoding = 4; lastKnownFileType = sourcecode.c.objc; path = BFBriefcastCellController.m; sourceTree = "<group>"; };
		D4641310106879AF001522F6 /* BFAddBriefcastViewController.h */ = {isa = PBXFileReference; fileEncoding = 4; lastKnownFileType = sourcecode.c.h; path = BFAddBriefcastViewController.h; sourceTree = "<group>"; };
		D4641311106879AF001522F6 /* BFAddBriefcastViewController.m */ = {isa = PBXFileReference; fileEncoding = 4; lastKnownFileType = sourcecode.c.objc; path = BFAddBriefcastViewController.m; sourceTree = "<group>"; };
		D4641312106879AF001522F6 /* BFAddBriefcastViewController.xib */ = {isa = PBXFileReference; lastKnownFileType = file.xib; name = BFAddBriefcastViewController.xib; path = Classes/BFAddBriefcastViewController.xib; sourceTree = "<group>"; };
		D464133C10695048001522F6 /* BFTextCellController.h */ = {isa = PBXFileReference; fileEncoding = 4; lastKnownFileType = sourcecode.c.h; path = BFTextCellController.h; sourceTree = "<group>"; };
		D464133D10695048001522F6 /* BFTextCellController.m */ = {isa = PBXFileReference; fileEncoding = 4; lastKnownFileType = sourcecode.c.objc; path = BFTextCellController.m; sourceTree = "<group>"; };
		D46414191069AB25001522F6 /* howto.brieflist */ = {isa = PBXFileReference; lastKnownFileType = file.bplist; path = howto.brieflist; sourceTree = "<group>"; };
		D46A15D210D1FF1000B92FDF /* actions-sample.brieflist */ = {isa = PBXFileReference; lastKnownFileType = file.bplist; name = "actions-sample.brieflist"; path = "sample/actions-sample.brieflist"; sourceTree = "<group>"; };
		D46B795D10A615F800CCD698 /* BFButtonCellController.h */ = {isa = PBXFileReference; fileEncoding = 4; lastKnownFileType = sourcecode.c.h; path = BFButtonCellController.h; sourceTree = "<group>"; };
		D46B795E10A615F800CCD698 /* BFButtonCellController.m */ = {isa = PBXFileReference; fileEncoding = 4; lastKnownFileType = sourcecode.c.objc; path = BFButtonCellController.m; sourceTree = "<group>"; };
		D46B799010A61B3D00CCD698 /* BFRemoteBriefCellController.h */ = {isa = PBXFileReference; fileEncoding = 4; lastKnownFileType = sourcecode.c.h; path = BFRemoteBriefCellController.h; sourceTree = "<group>"; };
		D46B799110A61B3D00CCD698 /* BFRemoteBriefCellController.m */ = {isa = PBXFileReference; fileEncoding = 4; lastKnownFileType = sourcecode.c.objc; path = BFRemoteBriefCellController.m; sourceTree = "<group>"; };
		D46B799310A6239900CCD698 /* BFRemoteBriefEventDelegate.h */ = {isa = PBXFileReference; fileEncoding = 4; lastKnownFileType = sourcecode.c.h; path = BFRemoteBriefEventDelegate.h; sourceTree = "<group>"; };
		D47200A710A1139500601755 /* 37-suitcase.png */ = {isa = PBXFileReference; lastKnownFileType = image.png; name = "37-suitcase.png"; path = "images/37-suitcase.png"; sourceTree = "<group>"; };
		D47200B910A11A0500601755 /* small-gradient.png */ = {isa = PBXFileReference; lastKnownFileType = image.png; name = "small-gradient.png"; path = "images/small-gradient.png"; sourceTree = "<group>"; };
		D47200BB10A11A5100601755 /* BFHeaderCellController.h */ = {isa = PBXFileReference; fileEncoding = 4; lastKnownFileType = sourcecode.c.h; path = BFHeaderCellController.h; sourceTree = "<group>"; };
		D47200BC10A11A5100601755 /* BFHeaderCellController.m */ = {isa = PBXFileReference; fileEncoding = 4; lastKnownFileType = sourcecode.c.objc; path = BFHeaderCellController.m; sourceTree = "<group>"; };
		D472018E10A294BA00601755 /* 58-bookmark.png */ = {isa = PBXFileReference; lastKnownFileType = image.png; name = "58-bookmark.png"; path = "images/58-bookmark.png"; sourceTree = "<group>"; };
		D482E4FA10EEECC700678404 /* BFMainViewController.h */ = {isa = PBXFileReference; fileEncoding = 4; lastKnownFileType = sourcecode.c.h; path = BFMainViewController.h; sourceTree = "<group>"; };
		D482E4FB10EEECC700678404 /* BFMainViewController.m */ = {isa = PBXFileReference; fileEncoding = 4; lastKnownFileType = sourcecode.c.objc; path = BFMainViewController.m; sourceTree = "<group>"; };
		D482E4FC10EEECC700678404 /* BFMainViewController.xib */ = {isa = PBXFileReference; lastKnownFileType = file.xib; name = BFMainViewController.xib; path = Classes/BFMainViewController.xib; sourceTree = "<group>"; };
		D482E50110EEF08A00678404 /* menu-bg.png */ = {isa = PBXFileReference; lastKnownFileType = image.png; name = "menu-bg.png"; path = "images/menu-bg.png"; sourceTree = "<group>"; };
		D482E50310EEF4E100678404 /* main-bg.png */ = {isa = PBXFileReference; lastKnownFileType = image.png; name = "main-bg.png"; path = "images/main-bg.png"; sourceTree = "<group>"; };
		D482E51710EEFB0D00678404 /* blue-button-bg.png */ = {isa = PBXFileReference; lastKnownFileType = image.png; name = "blue-button-bg.png"; path = "images/blue-button-bg.png"; sourceTree = "<group>"; };
		D482E51810EEFB0D00678404 /* gray-button-bg.png */ = {isa = PBXFileReference; lastKnownFileType = image.png; name = "gray-button-bg.png"; path = "images/gray-button-bg.png"; sourceTree = "<group>"; };
		D482E54310F03FE000678404 /* BFColor.h */ = {isa = PBXFileReference; fileEncoding = 4; lastKnownFileType = sourcecode.c.h; path = BFColor.h; sourceTree = "<group>"; };
		D482E54410F03FE000678404 /* BFColor.m */ = {isa = PBXFileReference; fileEncoding = 4; lastKnownFileType = sourcecode.c.objc; path = BFColor.m; sourceTree = "<group>"; };
		D4991093109FEA85008C5E17 /* BFParagraphCellController.h */ = {isa = PBXFileReference; fileEncoding = 4; lastKnownFileType = sourcecode.c.h; path = BFParagraphCellController.h; sourceTree = "<group>"; };
		D4991094109FEA85008C5E17 /* BFParagraphCellController.m */ = {isa = PBXFileReference; fileEncoding = 4; lastKnownFileType = sourcecode.c.objc; path = BFParagraphCellController.m; sourceTree = "<group>"; };
		D4A394B91130F926004971E9 /* flag.png */ = {isa = PBXFileReference; lastKnownFileType = image.png; name = flag.png; path = images/flag.png; sourceTree = "<group>"; };
		D4A3976B113B70AB004971E9 /* BFRootView+TapHoldGesture.h */ = {isa = PBXFileReference; fileEncoding = 4; lastKnownFileType = sourcecode.c.h; path = "BFRootView+TapHoldGesture.h"; sourceTree = "<group>"; };
		D4A3976C113B70AB004971E9 /* BFRootView+TapHoldGesture.m */ = {isa = PBXFileReference; fileEncoding = 4; lastKnownFileType = sourcecode.c.objc; path = "BFRootView+TapHoldGesture.m"; sourceTree = "<group>"; };
		D4A39791113B7591004971E9 /* BFActor.h */ = {isa = PBXFileReference; fileEncoding = 4; lastKnownFileType = sourcecode.c.h; name = BFActor.h; path = "Briefs-data/BFActor.h"; sourceTree = "<group>"; };
		D4A39792113B7591004971E9 /* BFActor.m */ = {isa = PBXFileReference; fileEncoding = 4; lastKnownFileType = sourcecode.c.objc; name = BFActor.m; path = "Briefs-data/BFActor.m"; sourceTree = "<group>"; };
		D4A39793113B7591004971E9 /* BFBriefcast.h */ = {isa = PBXFileReference; fileEncoding = 4; lastKnownFileType = sourcecode.c.h; name = BFBriefcast.h; path = "Briefs-data/BFBriefcast.h"; sourceTree = "<group>"; };
		D4A39794113B7591004971E9 /* BFBriefcast.m */ = {isa = PBXFileReference; fileEncoding = 4; lastKnownFileType = sourcecode.c.objc; name = BFBriefcast.m; path = "Briefs-data/BFBriefcast.m"; sourceTree = "<group>"; };
		D4A39795113B7591004971E9 /* BFConstants.h */ = {isa = PBXFileReference; fileEncoding = 4; lastKnownFileType = sourcecode.c.h; name = BFConstants.h; path = "Briefs-data/BFConstants.h"; sourceTree = "<group>"; };
		D4A39796113B7591004971E9 /* BFScene.h */ = {isa = PBXFileReference; fileEncoding = 4; lastKnownFileType = sourcecode.c.h; name = BFScene.h; path = "Briefs-data/BFScene.h"; sourceTree = "<group>"; };
		D4A39797113B7591004971E9 /* BFScene.m */ = {isa = PBXFileReference; fileEncoding = 4; lastKnownFileType = sourcecode.c.objc; name = BFScene.m; path = "Briefs-data/BFScene.m"; sourceTree = "<group>"; };
		D4A39798113B7591004971E9 /* BFSceneManager.h */ = {isa = PBXFileReference; fileEncoding = 4; lastKnownFileType = sourcecode.c.h; name = BFSceneManager.h; path = "Briefs-data/BFSceneManager.h"; sourceTree = "<group>"; };
		D4A39799113B7591004971E9 /* BFSceneManager.m */ = {isa = PBXFileReference; fileEncoding = 4; lastKnownFileType = sourcecode.c.objc; name = BFSceneManager.m; path = "Briefs-data/BFSceneManager.m"; sourceTree = "<group>"; };
		D4A3979A113B7591004971E9 /* BFUtilityParser.h */ = {isa = PBXFileReference; fileEncoding = 4; lastKnownFileType = sourcecode.c.h; name = BFUtilityParser.h; path = "Briefs-data/BFUtilityParser.h"; sourceTree = "<group>"; };
		D4A3979B113B7591004971E9 /* BFUtilityParser.m */ = {isa = PBXFileReference; fileEncoding = 4; lastKnownFileType = sourcecode.c.objc; name = BFUtilityParser.m; path = "Briefs-data/BFUtilityParser.m"; sourceTree = "<group>"; };
		D4A397A3113B76BC004971E9 /* BFActorView.h */ = {isa = PBXFileReference; fileEncoding = 4; lastKnownFileType = sourcecode.c.h; name = BFActorView.h; path = "Briefs-sharedUI/BFActorView.h"; sourceTree = "<group>"; };
		D4A397A4113B76BC004971E9 /* BFActorView.m */ = {isa = PBXFileReference; fileEncoding = 4; lastKnownFileType = sourcecode.c.objc; name = BFActorView.m; path = "Briefs-sharedUI/BFActorView.m"; sourceTree = "<group>"; };
		D4A397A5113B76BC004971E9 /* BFRootView.h */ = {isa = PBXFileReference; fileEncoding = 4; lastKnownFileType = sourcecode.c.h; name = BFRootView.h; path = "Briefs-sharedUI/BFRootView.h"; sourceTree = "<group>"; };
		D4A397A6113B76BC004971E9 /* BFRootView.m */ = {isa = PBXFileReference; fileEncoding = 4; lastKnownFileType = sourcecode.c.objc; name = BFRootView.m; path = "Briefs-sharedUI/BFRootView.m"; sourceTree = "<group>"; };
		D4A397A7113B76BC004971E9 /* BFSceneView.h */ = {isa = PBXFileReference; fileEncoding = 4; lastKnownFileType = sourcecode.c.h; name = BFSceneView.h; path = "Briefs-sharedUI/BFSceneView.h"; sourceTree = "<group>"; };
		D4A397A8113B76BC004971E9 /* BFSceneView.m */ = {isa = PBXFileReference; fileEncoding = 4; lastKnownFileType = sourcecode.c.objc; name = BFSceneView.m; path = "Briefs-sharedUI/BFSceneView.m"; sourceTree = "<group>"; };
		D4A397AC113B7720004971E9 /* BFDispatch.h */ = {isa = PBXFileReference; fileEncoding = 4; lastKnownFileType = sourcecode.c.h; name = BFDispatch.h; path = "Briefs-sharedUI/BFDispatch.h"; sourceTree = "<group>"; };
		D4A397AD113B7720004971E9 /* BFPresentationDispatch.h */ = {isa = PBXFileReference; fileEncoding = 4; lastKnownFileType = sourcecode.c.h; name = BFPresentationDispatch.h; path = "Briefs-sharedUI/BFPresentationDispatch.h"; sourceTree = "<group>"; };
		D4A397AE113B7720004971E9 /* BFPresentationDispatch.m */ = {isa = PBXFileReference; fileEncoding = 4; lastKnownFileType = sourcecode.c.objc; name = BFPresentationDispatch.m; path = "Briefs-sharedUI/BFPresentationDispatch.m"; sourceTree = "<group>"; };
		D4A397B1113B7752004971E9 /* BFViewUtilityParser.h */ = {isa = PBXFileReference; fileEncoding = 4; lastKnownFileType = sourcecode.c.h; name = BFViewUtilityParser.h; path = "Briefs-sharedUI/BFViewUtilityParser.h"; sourceTree = "<group>"; };
		D4A397B2113B7752004971E9 /* BFViewUtilityParser.m */ = {isa = PBXFileReference; fileEncoding = 4; lastKnownFileType = sourcecode.c.objc; name = BFViewUtilityParser.m; path = "Briefs-sharedUI/BFViewUtilityParser.m"; sourceTree = "<group>"; };
		D4A397B4113B776D004971E9 /* SynthesizeSingleton.h */ = {isa = PBXFileReference; fileEncoding = 4; lastKnownFileType = sourcecode.c.h; name = SynthesizeSingleton.h; path = "Briefs-sharedUI/SynthesizeSingleton.h"; sourceTree = "<group>"; };
		D4A397B5113B7796004971E9 /* BFSceneViewController.h */ = {isa = PBXFileReference; fileEncoding = 4; lastKnownFileType = sourcecode.c.h; name = BFSceneViewController.h; path = "Briefs-sharedUI/BFSceneViewController.h"; sourceTree = "<group>"; };
		D4A397B6113B7796004971E9 /* BFSceneViewController.m */ = {isa = PBXFileReference; fileEncoding = 4; lastKnownFileType = sourcecode.c.objc; name = BFSceneViewController.m; path = "Briefs-sharedUI/BFSceneViewController.m"; sourceTree = "<group>"; };
		D4C0F3A710C7710A008E8DE5 /* transition-sample.brieflist */ = {isa = PBXFileReference; lastKnownFileType = file.bplist; name = "transition-sample.brieflist"; path = "sample/transition-sample.brieflist"; sourceTree = "<group>"; };
		D4C3275010B20DC600AB1F5E /* BFLoadingViewController.h */ = {isa = PBXFileReference; fileEncoding = 4; lastKnownFileType = sourcecode.c.h; path = BFLoadingViewController.h; sourceTree = "<group>"; };
		D4C3275110B20DC600AB1F5E /* BFLoadingViewController.m */ = {isa = PBXFileReference; fileEncoding = 4; lastKnownFileType = sourcecode.c.objc; path = BFLoadingViewController.m; sourceTree = "<group>"; };
		D4C3275210B20DC600AB1F5E /* BFLoadingViewController.xib */ = {isa = PBXFileReference; lastKnownFileType = file.xib; name = BFLoadingViewController.xib; path = Classes/BFLoadingViewController.xib; sourceTree = "<group>"; };
		D4CA28EA1076EDFA00AA84FE /* BFLabelCellController.h */ = {isa = PBXFileReference; fileEncoding = 4; lastKnownFileType = sourcecode.c.h; path = BFLabelCellController.h; sourceTree = "<group>"; };
		D4CA28EB1076EDFA00AA84FE /* BFLabelCellController.m */ = {isa = PBXFileReference; fileEncoding = 4; lastKnownFileType = sourcecode.c.objc; path = BFLabelCellController.m; sourceTree = "<group>"; };
		D4CA29351076F60500AA84FE /* BFBriefcastViewController.xib */ = {isa = PBXFileReference; lastKnownFileType = file.xib; name = BFBriefcastViewController.xib; path = Classes/BFBriefcastViewController.xib; sourceTree = "<group>"; };
		D4CA29361076F60500AA84FE /* BFBrowseViewController.xib */ = {isa = PBXFileReference; lastKnownFileType = file.xib; name = BFBrowseViewController.xib; path = Classes/BFBrowseViewController.xib; sourceTree = "<group>"; };
		D4CA29371076F60500AA84FE /* MainWindow.xib */ = {isa = PBXFileReference; lastKnownFileType = file.xib; name = MainWindow.xib; path = Classes/MainWindow.xib; sourceTree = "<group>"; };
		D4CA299D107907CF00AA84FE /* BFCellConfiguration.h */ = {isa = PBXFileReference; fileEncoding = 4; lastKnownFileType = sourcecode.c.h; path = BFCellConfiguration.h; sourceTree = "<group>"; };
		D4CA299E107907CF00AA84FE /* BFCellConfiguration.m */ = {isa = PBXFileReference; fileEncoding = 4; lastKnownFileType = sourcecode.c.objc; path = BFCellConfiguration.m; sourceTree = "<group>"; };
		D4CA29E110799E5D00AA84FE /* BFTitleCellController.h */ = {isa = PBXFileReference; fileEncoding = 4; lastKnownFileType = sourcecode.c.h; path = BFTitleCellController.h; sourceTree = "<group>"; };
		D4CA29E210799E5D00AA84FE /* BFTitleCellController.m */ = {isa = PBXFileReference; fileEncoding = 4; lastKnownFileType = sourcecode.c.objc; path = BFTitleCellController.m; sourceTree = "<group>"; };

		D4E3753F1039F029000D8677 /* scene2.png */ = {isa = PBXFileReference; lastKnownFileType = image.png; name = scene2.png; path = sample/scene2.png; sourceTree = "<group>"; };
		D4D4B7CA11700D74009D70D0 /* pop-up-bgfull.png */ = {isa = PBXFileReference; lastKnownFileType = image.png; name = "pop-up-bgfull.png"; path = "images/bg/pop-up-bgfull.png"; sourceTree = "<group>"; };
		D4D4BB2811710AAA009D70D0 /* BFRemoteBriefSaver.h */ = {isa = PBXFileReference; fileEncoding = 4; lastKnownFileType = sourcecode.c.h; path = BFRemoteBriefSaver.h; sourceTree = "<group>"; };
		D4D4BB2911710AAA009D70D0 /* BFRemoteBriefSaver.m */ = {isa = PBXFileReference; fileEncoding = 4; lastKnownFileType = sourcecode.c.objc; path = BFRemoteBriefSaver.m; sourceTree = "<group>"; };
		D4D4BB2A11710AAA009D70D0 /* BFRemoteBriefSaver.xib */ = {isa = PBXFileReference; lastKnownFileType = file.xib; name = BFRemoteBriefSaver.xib; path = Classes/BFRemoteBriefSaver.xib; sourceTree = "<group>"; };
		D4D4BB2E11710E52009D70D0 /* confirm-action.png */ = {isa = PBXFileReference; lastKnownFileType = image.png; name = "confirm-action.png"; path = "images/buttons/confirm-action.png"; sourceTree = "<group>"; };
		D4D4BB2F11710E52009D70D0 /* confirm-cancel.png */ = {isa = PBXFileReference; lastKnownFileType = image.png; name = "confirm-cancel.png"; path = "images/buttons/confirm-cancel.png"; sourceTree = "<group>"; };
		D4D4BC361172552B009D70D0 /* preview-refresh-bg.png */ = {isa = PBXFileReference; lastKnownFileType = image.png; name = "preview-refresh-bg.png"; path = "images/bg/preview-refresh-bg.png"; sourceTree = "<group>"; };
		D4D4BC38117255A2009D70D0 /* PreviewRefreshLoad.xib */ = {isa = PBXFileReference; lastKnownFileType = file.xib; name = PreviewRefreshLoad.xib; path = Classes/PreviewRefreshLoad.xib; sourceTree = "<group>"; };
		D4D4BC811172790C009D70D0 /* browse-briefcasts.png */ = {isa = PBXFileReference; lastKnownFileType = image.png; name = "browse-briefcasts.png"; path = "images/bg/screen bg/browse-briefcasts.png"; sourceTree = "<group>"; };
		D4D4BC8311727A7C009D70D0 /* built-in-button.png */ = {isa = PBXFileReference; lastKnownFileType = image.png; name = "built-in-button.png"; path = "images/buttons/built-in-button.png"; sourceTree = "<group>"; };
		D4D4BC9A11728150009D70D0 /* UINavigationBar+CustomBackground.m */ = {isa = PBXFileReference; fileEncoding = 4; lastKnownFileType = sourcecode.c.objc; path = "UINavigationBar+CustomBackground.m"; sourceTree = "<group>"; };
		D4D4BC9C11728248009D70D0 /* navigation-bar.png */ = {isa = PBXFileReference; lastKnownFileType = image.png; name = "navigation-bar.png"; path = "images/bg/navigation-bar.png"; sourceTree = "<group>"; };
		D4F210D2118BD5E20041F87C /* root-menu-bg.png */ = {isa = PBXFileReference; lastKnownFileType = image.png; name = "root-menu-bg.png"; path = "images/bg/root-menu-bg.png"; sourceTree = "<group>"; };
		D4F210D4118BD6520041F87C /* top-nav-button.png */ = {isa = PBXFileReference; lastKnownFileType = image.png; name = "top-nav-button.png"; path = "images/buttons/top-nav-button.png"; sourceTree = "<group>"; };
		D4F210F6118C72750041F87C /* BFMainViewDefaultController.h */ = {isa = PBXFileReference; fileEncoding = 4; lastKnownFileType = sourcecode.c.h; path = BFMainViewDefaultController.h; sourceTree = "<group>"; };
		D4F210F7118C72750041F87C /* BFMainViewDefaultController.m */ = {isa = PBXFileReference; fileEncoding = 4; lastKnownFileType = sourcecode.c.objc; path = BFMainViewDefaultController.m; sourceTree = "<group>"; };
		D4F210F8118C72750041F87C /* BFMainViewDefaultController.xib */ = {isa = PBXFileReference; lastKnownFileType = file.xib; name = BFMainViewDefaultController.xib; path = Classes/BFMainViewDefaultController.xib; sourceTree = "<group>"; };
/* End PBXFileReference section */

/* Begin PBXFrameworksBuildPhase section */
		1D60588F0D05DD3D006BFB54 /* Frameworks */ = {
			isa = PBXFrameworksBuildPhase;
			buildActionMask = 2147483647;
			files = (
				1D60589F0D05DD5A006BFB54 /* Foundation.framework in Frameworks */,
				1DF5F4E00D08C38300B7A737 /* UIKit.framework in Frameworks */,
				288765FD0DF74451002DB57D /* CoreGraphics.framework in Frameworks */,
			);
			runOnlyForDeploymentPostprocessing = 0;
		};
		7616282E10505870008FDF67 /* Frameworks */ = {
			isa = PBXFrameworksBuildPhase;
			buildActionMask = 2147483647;
			files = (
			);
			runOnlyForDeploymentPostprocessing = 0;
		};
/* End PBXFrameworksBuildPhase section */

/* Begin PBXGroup section */
		080E96DDFE201D6D7F000001 /* Classes */ = {
			isa = PBXGroup;
			children = (
				D4E2CEBE102F19850039600E /* shared */,
				D4E2CEB81028F18B0039600E /* util */,
				D49E5F591011690100B7EEBB /* ui */,
			);
			path = Classes;
			sourceTree = "<group>";
		};
		19C28FACFE9D520D11CA2CBB /* Products */ = {
			isa = PBXGroup;
			children = (
				1D6058910D05DD3D006BFB54 /* Briefs.app */,
			);
			name = Products;
			sourceTree = "<group>";
		};
		29B97314FDCFA39411CA2CEA /* CustomTemplate */ = {
			isa = PBXGroup;
			children = (
				080E96DDFE201D6D7F000001 /* Classes */,
				76162936105061C5008FDF67 /* tools */,
				29B97315FDCFA39411CA2CEA /* Other Sources */,
				29B97317FDCFA39411CA2CEA /* Resources */,
				29B97323FDCFA39411CA2CEA /* Frameworks */,
				19C28FACFE9D520D11CA2CBB /* Products */,
			);
			name = CustomTemplate;
			sourceTree = "<group>";
		};
		29B97315FDCFA39411CA2CEA /* Other Sources */ = {
			isa = PBXGroup;
			children = (
				1D3623240D0F684500981E51 /* BriefsAppDelegate.h */,
				1D3623250D0F684500981E51 /* BriefsAppDelegate.m */,
				32CA4F630368D1EE00C91783 /* Briefs_Prefix.pch */,
				29B97316FDCFA39411CA2CEA /* main.m */,
			);
			name = "Other Sources";
			sourceTree = "<group>";
		};
		29B97317FDCFA39411CA2CEA /* Resources */ = {
			isa = PBXGroup;
			children = (
				D463E8BE106D6C580075CCCE /* My Briefs */,
				D43863910FFAD0D30041D688 /* samples */,
				76FD02EB104CAF4E002E96FA /* nib */,
				D472009510A110FE00601755 /* images */,
				D4309742106AC10B00C1EC5E /* Briefs-data.plist */,
				8D1107310486CEB800E47090 /* Briefs-Info.plist */,
			);
			name = Resources;
			sourceTree = "<group>";
		};
		29B97323FDCFA39411CA2CEA /* Frameworks */ = {
			isa = PBXGroup;
			children = (
				1DF5F4DF0D08C38300B7A737 /* UIKit.framework */,
				1D30AB110D05D00D00671497 /* Foundation.framework */,
				288765FC0DF74451002DB57D /* CoreGraphics.framework */,
			);
			name = Frameworks;
			sourceTree = "<group>";
		};
		76162936105061C5008FDF67 /* tools */ = {
			isa = PBXGroup;
			children = (
				7616293210506098008FDF67 /* brief-compact.m */,
			);
			name = tools;
			path = Classes;
			sourceTree = "<group>";
		};
		76FD02EB104CAF4E002E96FA /* nib */ = {
			isa = PBXGroup;
			children = (
				D482E4FC10EEECC700678404 /* BFMainViewController.xib */,
				D4C3275210B20DC600AB1F5E /* BFLoadingViewController.xib */,
				D4CA29351076F60500AA84FE /* BFBriefcastViewController.xib */,
				D4CA29361076F60500AA84FE /* BFBrowseViewController.xib */,
				D4CA29371076F60500AA84FE /* MainWindow.xib */,
				D4641312106879AF001522F6 /* BFAddBriefcastViewController.xib */,
				D43CE8B1115F134800DA07D5 /* BFBriefCellController.xib */,
				D4A4595D1172C2D600D9C1DF /* BFBriefcastCell.xib */,
				D4F210F8118C72750041F87C /* BFMainViewDefaultController.xib */,
			);
			name = nib;
			sourceTree = "<group>";
		};
		D40E467D1011792D000D4830 /* models */ = {
			isa = PBXGroup;
			children = (
				D4A39791113B7591004971E9 /* BFActor.h */,
				D4A39792113B7591004971E9 /* BFActor.m */,
				D4A39793113B7591004971E9 /* BFBriefcast.h */,
				D4A39794113B7591004971E9 /* BFBriefcast.m */,
				D4A39796113B7591004971E9 /* BFScene.h */,
				D4A39797113B7591004971E9 /* BFScene.m */,
			);
			name = models;
			sourceTree = "<group>";
		};
		D415B1ED105C7BD8008A3541 /* FeedParser */ = {
			isa = PBXGroup;
			children = (
				D415B1EE105C7BD8008A3541 /* Extensions */,
				D415B1F3105C7BD8008A3541 /* FeedParser.h */,
				D415B1F4105C7BD8008A3541 /* FPEnclosure.h */,
				D415B1F5105C7BD8008A3541 /* FPEnclosure.m */,
				D415B1F6105C7BD8008A3541 /* FPErrors.h */,
				D415B1F7105C7BD8008A3541 /* FPFeed.h */,
				D415B1F8105C7BD8008A3541 /* FPFeed.m */,
				D415B1F9105C7BD8008A3541 /* FPItem.h */,
				D415B1FA105C7BD8008A3541 /* FPItem.m */,
				D415B1FB105C7BD8008A3541 /* FPLink.h */,
				D415B1FC105C7BD8008A3541 /* FPLink.m */,
				D415B1FD105C7BD8008A3541 /* FPParser.h */,
				D415B1FE105C7BD8008A3541 /* FPParser.m */,
				D415B1FF105C7BD8008A3541 /* Internal */,
				D415B206105C7BD8008A3541 /* XML Extensions */,
			);
			path = FeedParser;
			sourceTree = "<group>";
		};
		D415B1EE105C7BD8008A3541 /* Extensions */ = {
			isa = PBXGroup;
			children = (
				D415B1EF105C7BD8008A3541 /* NSDate_FeedParserExtensions.h */,
				D415B1F0105C7BD8008A3541 /* NSDate_FeedParserExtensions.m */,
				D415B1F1105C7BD8008A3541 /* NSString_extensions.h */,
				D415B1F2105C7BD8008A3541 /* NSString_extensions.m */,
			);
			path = Extensions;
			sourceTree = "<group>";
		};
		D415B1FF105C7BD8008A3541 /* Internal */ = {
			isa = PBXGroup;
			children = (
				D415B200105C7BD8008A3541 /* FPExtensionElementNode_Private.h */,
				D415B201105C7BD8008A3541 /* FPXMLPair.h */,
				D415B202105C7BD8008A3541 /* FPXMLPair.m */,
				D415B203105C7BD8008A3541 /* FPXMLParser.h */,
				D415B204105C7BD8008A3541 /* FPXMLParser.m */,
				D415B205105C7BD8008A3541 /* FPXMLParserProtocol.h */,
			);
			path = Internal;
			sourceTree = "<group>";
		};
		D415B206105C7BD8008A3541 /* XML Extensions */ = {
			isa = PBXGroup;
			children = (
				D415B207105C7BD8008A3541 /* FPExtensionElementNode.h */,
				D415B208105C7BD8008A3541 /* FPExtensionElementNode.m */,
				D415B209105C7BD8008A3541 /* FPExtensionNode.h */,
				D415B20A105C7BD8008A3541 /* FPExtensionNode.m */,
				D415B20B105C7BD8008A3541 /* FPExtensionTextNode.h */,
				D415B20C105C7BD8008A3541 /* FPExtensionTextNode.m */,
			);
			path = "XML Extensions";
			sourceTree = "<group>";
		};
		D415B21C105C8309008A3541 /* briefcasts */ = {
			isa = PBXGroup;
			children = (
				D46414191069AB25001522F6 /* howto.brieflist */,
				D415B21F105C91A5008A3541 /* howto */,
				D415B21D105C8309008A3541 /* briefcast.xml */,
			);
			name = briefcasts;
			path = sample/briefcasts;
			sourceTree = "<group>";
		};
		D415B21F105C91A5008A3541 /* howto */ = {
			isa = PBXGroup;
			children = (
				D415B220105C91A5008A3541 /* control-left.png */,
				D415B221105C91A5008A3541 /* control-right.png */,
				D415B222105C91A5008A3541 /* howto-source.brieflist */,
				D415B223105C91A5008A3541 /* step1.png */,
				D415B224105C91A5008A3541 /* step2.png */,
				D415B225105C91A5008A3541 /* step3.png */,
				D415B226105C91A5008A3541 /* step4.png */,
			);
			path = howto;
			sourceTree = "<group>";
		};
		D43863910FFAD0D30041D688 /* samples */ = {
			isa = PBXGroup;
			children = (
				D415B21C105C8309008A3541 /* briefcasts */,
				76E869931051FCD700EB06C9 /* sample-brief.brieflist */,
				0005E52C10E83C99006D44A2 /* TransitionsGallery.brieflist */,
				761627D2104F632C008FDF67 /* sample-brief-source.brieflist */,
				D40C4209103C94730033CC65 /* actor1.png */,
				D4E3753F1039F029000D8677 /* scene2.png */,
				D43863920FFAD0EE0041D688 /* scene1.png */,
			);
			name = samples;
			sourceTree = "<group>";
		};
		D463E8BE106D6C580075CCCE /* My Briefs */ = {
			isa = PBXGroup;
			children = (
				D46A15D210D1FF1000B92FDF /* actions-sample.brieflist */,
				D4C0F3A710C7710A008E8DE5 /* transition-sample.brieflist */,
			);
			name = "My Briefs";
			sourceTree = "<group>";
		};
		D464115210606AA1001522F6 /* tables */ = {
			isa = PBXGroup;
			children = (
				D46411901065CEC2001522F6 /* cells */,
				D464116F10606DDE001522F6 /* BFTableViewController.h */,
				D464117010606DDE001522F6 /* BFTableViewController.m */,
				D464118D10606F38001522F6 /* BFCellController.h */,
				D46B799310A6239900CCD698 /* BFRemoteBriefEventDelegate.h */,
			);
			name = tables;
			sourceTree = "<group>";
		};
		D46411901065CEC2001522F6 /* cells */ = {
			isa = PBXGroup;
			children = (
				D4CA298F1079063100AA84FE /* UI Labels & Controls */,
				D46411911065CF8C001522F6 /* BFBriefCellController.h */,
				D46411921065CF8C001522F6 /* BFBriefCellController.m */,
				D46411951065D59D001522F6 /* BFBriefcastCellController.h */,
				D46411961065D59D001522F6 /* BFBriefcastCellController.m */,
				D464133C10695048001522F6 /* BFTextCellController.h */,
				D464133D10695048001522F6 /* BFTextCellController.m */,
				D46B799010A61B3D00CCD698 /* BFRemoteBriefCellController.h */,
				D46B799110A61B3D00CCD698 /* BFRemoteBriefCellController.m */,
			);
			name = cells;
			sourceTree = "<group>";
		};
		D464130F10687553001522F6 /* controllers */ = {
			isa = PBXGroup;
			children = (
				D4C3275010B20DC600AB1F5E /* BFLoadingViewController.h */,
				D4C3275110B20DC600AB1F5E /* BFLoadingViewController.m */,
				D4F210F5118C723E0041F87C /* main states */,
				D463E8FD107310170075CCCE /* BFBriefcastViewController.h */,
				D463E8FE107310170075CCCE /* BFBriefcastViewController.m */,
				76FD02EC104CAF96002E96FA /* BFBrowseViewController.h */,
				76FD02ED104CAF96002E96FA /* BFBrowseViewController.m */,
				D4641310106879AF001522F6 /* BFAddBriefcastViewController.h */,
				D4641311106879AF001522F6 /* BFAddBriefcastViewController.m */,
				D482E4FA10EEECC700678404 /* BFMainViewController.h */,
				D482E4FB10EEECC700678404 /* BFMainViewController.m */,
			);
			name = controllers;
			sourceTree = "<group>";
		};
		D472009510A110FE00601755 /* images */ = {
			isa = PBXGroup;
			children = (
				D4A394B91130F926004971E9 /* flag.png */,
				D482E51710EEFB0D00678404 /* blue-button-bg.png */,
				D482E51810EEFB0D00678404 /* gray-button-bg.png */,
				D482E50310EEF4E100678404 /* main-bg.png */,
				D482E50110EEF08A00678404 /* menu-bg.png */,
				D472018E10A294BA00601755 /* 58-bookmark.png */,
				D47200B910A11A0500601755 /* small-gradient.png */,
				D47200A710A1139500601755 /* 37-suitcase.png */,
			);
			name = images;
			sourceTree = "<group>";
		};
		D49E5F58101168FA00B7EEBB /* data */ = {
			isa = PBXGroup;
			children = (
				D4A39795113B7591004971E9 /* BFConstants.h */,
				D4A39798113B7591004971E9 /* BFSceneManager.h */,
				D4A39799113B7591004971E9 /* BFSceneManager.m */,
				D4A3979A113B7591004971E9 /* BFUtilityParser.h */,
				D4A3979B113B7591004971E9 /* BFUtilityParser.m */,
				D40E467D1011792D000D4830 /* models */,
			);
			name = data;
			sourceTree = "<group>";
		};
		D49E5F591011690100B7EEBB /* ui */ = {
			isa = PBXGroup;
			children = (
				D464130F10687553001522F6 /* controllers */,
				D464115210606AA1001522F6 /* tables */,
			);
			name = ui;
			sourceTree = "<group>";
		};
		D4A39769113B6FBC004971E9 /* addons */ = {
			isa = PBXGroup;
			children = (
				D4A3976B113B70AB004971E9 /* BFRootView+TapHoldGesture.h */,
				D4A3976C113B70AB004971E9 /* BFRootView+TapHoldGesture.m */,
			);
			name = addons;
			sourceTree = "<group>";
		};
		D4A397A1113B7674004971E9 /* control */ = {
			isa = PBXGroup;
			children = (
				D4A397B5113B7796004971E9 /* BFSceneViewController.h */,
				D4A397B6113B7796004971E9 /* BFSceneViewController.m */,
				D4A397AC113B7720004971E9 /* BFDispatch.h */,
				D4A397AD113B7720004971E9 /* BFPresentationDispatch.h */,
				D4A397AE113B7720004971E9 /* BFPresentationDispatch.m */,
			);
			name = control;
			sourceTree = "<group>";
		};
		D4A397A2113B7680004971E9 /* views */ = {
			isa = PBXGroup;
			children = (
				D4A397A3113B76BC004971E9 /* BFActorView.h */,
				D4A397A4113B76BC004971E9 /* BFActorView.m */,
				D4A397A5113B76BC004971E9 /* BFRootView.h */,
				D4A397A6113B76BC004971E9 /* BFRootView.m */,
				D4A397A7113B76BC004971E9 /* BFSceneView.h */,
				D4A397A8113B76BC004971E9 /* BFSceneView.m */,
			);
			name = views;
			sourceTree = "<group>";
		};
		D4A397B0113B7733004971E9 /* util */ = {
			isa = PBXGroup;
			children = (
				D4A397B4113B776D004971E9 /* SynthesizeSingleton.h */,
				D4A397B1113B7752004971E9 /* BFViewUtilityParser.h */,
				D4A397B2113B7752004971E9 /* BFViewUtilityParser.m */,
			);
			name = util;
			sourceTree = "<group>";
		};
		D4CA298F1079063100AA84FE /* UI Labels & Controls */ = {
			isa = PBXGroup;
			children = (
				D4CA28EA1076EDFA00AA84FE /* BFLabelCellController.h */,
				D4CA28EB1076EDFA00AA84FE /* BFLabelCellController.m */,
				D4CA299D107907CF00AA84FE /* BFCellConfiguration.h */,
				D4CA299E107907CF00AA84FE /* BFCellConfiguration.m */,
				D4CA29E110799E5D00AA84FE /* BFTitleCellController.h */,
				D4CA29E210799E5D00AA84FE /* BFTitleCellController.m */,
				D4991093109FEA85008C5E17 /* BFParagraphCellController.h */,
				D4991094109FEA85008C5E17 /* BFParagraphCellController.m */,
				D47200BB10A11A5100601755 /* BFHeaderCellController.h */,
				D47200BC10A11A5100601755 /* BFHeaderCellController.m */,
				D46B795D10A615F800CCD698 /* BFButtonCellController.h */,
				D46B795E10A615F800CCD698 /* BFButtonCellController.m */,
			);
			name = "UI Labels & Controls";
			sourceTree = "<group>";
		};
		D4E2CEB81028F18B0039600E /* util */ = {
			isa = PBXGroup;
			children = (
				D4A39769113B6FBC004971E9 /* addons */,
				D415B1ED105C7BD8008A3541 /* FeedParser */,
				D430973F106AB75B00C1EC5E /* BFDataManager.h */,
				D4309740106AB75B00C1EC5E /* BFDataManager.m */,
				D482E54310F03FE000678404 /* BFColor.h */,
				D482E54410F03FE000678404 /* BFColor.m */,
			);
			name = util;
			sourceTree = "<group>";
		};
		D4E2CEBE102F19850039600E /* shared */ = {
			isa = PBXGroup;
			children = (
				D4A397B0113B7733004971E9 /* util */,
				D49E5F58101168FA00B7EEBB /* data */,
				D4A397A2113B7680004971E9 /* views */,
				D4A397A1113B7674004971E9 /* control */,
			);
			name = shared;
			sourceTree = "<group>";
		};
		D4F210F5118C723E0041F87C /* main states */ = {
			isa = PBXGroup;
			children = (
				D4F210F6118C72750041F87C /* BFMainViewDefaultController.h */,
				D4F210F7118C72750041F87C /* BFMainViewDefaultController.m */,
			);
			name = "main states";
			sourceTree = "<group>";
		};
/* End PBXGroup section */

/* Begin PBXNativeTarget section */
		1D6058900D05DD3D006BFB54 /* Briefs */ = {
			isa = PBXNativeTarget;
			buildConfigurationList = 1D6058960D05DD3E006BFB54 /* Build configuration list for PBXNativeTarget "Briefs" */;
			buildPhases = (
				1D60588D0D05DD3D006BFB54 /* Resources */,
				1D60588E0D05DD3D006BFB54 /* Sources */,
				1D60588F0D05DD3D006BFB54 /* Frameworks */,
			);
			buildRules = (
			);
			dependencies = (
			);
			name = Briefs;
			productName = Briefs;
			productReference = 1D6058910D05DD3D006BFB54 /* Briefs.app */;
			productType = "com.apple.product-type.application";
		};
		7616282F10505870008FDF67 /* BriefsCompactor */ = {
			isa = PBXNativeTarget;
			buildConfigurationList = 76162832105058A7008FDF67 /* Build configuration list for PBXNativeTarget "BriefsCompactor" */;
			buildPhases = (
				7616282D10505870008FDF67 /* Sources */,
				7616282E10505870008FDF67 /* Frameworks */,
			);
			buildRules = (
			);
			dependencies = (
			);
			name = BriefsCompactor;
			productName = BriefsCompactor;
			productType = "com.apple.product-type.tool";
		};
/* End PBXNativeTarget section */

/* Begin PBXProject section */
		29B97313FDCFA39411CA2CEA /* Project object */ = {
			isa = PBXProject;
			buildConfigurationList = C01FCF4E08A954540054247B /* Build configuration list for PBXProject "Briefs" */;
			compatibilityVersion = "Xcode 3.1";
			hasScannedForEncodings = 1;
			mainGroup = 29B97314FDCFA39411CA2CEA /* CustomTemplate */;
			projectDirPath = "";
			projectRoot = "";
			targets = (
				1D6058900D05DD3D006BFB54 /* Briefs */,
				7616282F10505870008FDF67 /* BriefsCompactor */,
			);
		};
/* End PBXProject section */

/* Begin PBXResourcesBuildPhase section */
		1D60588D0D05DD3D006BFB54 /* Resources */ = {
			isa = PBXResourcesBuildPhase;
			buildActionMask = 2147483647;
			files = (
				76E8699A1051FCE800EB06C9 /* sample-brief.brieflist in Resources */,
				D4641314106879AF001522F6 /* BFAddBriefcastViewController.xib in Resources */,
				D4309743106AC10B00C1EC5E /* Briefs-data.plist in Resources */,
				D4CA29381076F60500AA84FE /* BFBriefcastViewController.xib in Resources */,
				D4CA29391076F60500AA84FE /* BFBrowseViewController.xib in Resources */,
				D4CA293A1076F60500AA84FE /* MainWindow.xib in Resources */,
				D47200A810A1139500601755 /* 37-suitcase.png in Resources */,
				D47200BA10A11A0500601755 /* small-gradient.png in Resources */,
				D472018F10A294BA00601755 /* 58-bookmark.png in Resources */,
				D4C3275410B20DC600AB1F5E /* BFLoadingViewController.xib in Resources */,
				D4C0F3A810C7710A008E8DE5 /* transition-sample.brieflist in Resources */,
				D46A15D310D1FF1000B92FDF /* actions-sample.brieflist in Resources */,
				0005E52D10E83C99006D44A2 /* TransitionsGallery.brieflist in Resources */,
				D482E4FE10EEECC700678404 /* BFMainViewController.xib in Resources */,
				D482E50210EEF08A00678404 /* menu-bg.png in Resources */,
				D482E50410EEF4E100678404 /* main-bg.png in Resources */,
				D482E51910EEFB0D00678404 /* blue-button-bg.png in Resources */,
				D482E51A10EEFB0D00678404 /* gray-button-bg.png in Resources */,
				D4A394BA1130F926004971E9 /* flag.png in Resources */,
				D4A39819113C6DBB004971E9 /* app-icon.png in Resources */,
				D4A39833113C6E9D004971E9 /* Briefcast.png in Resources */,
				D4A39834113C6E9D004971E9 /* Briefs.png in Resources */,
				D4A39836113C6EAA004971E9 /* Icon-small.png in Resources */,
				D4AF1DC8114B61A600D1B3B5 /* BFBrowseBriefcastViewController.xib in Resources */,
				D43CE16E114F0DD900DA07D5 /* pop-up-bg.png in Resources */,
				D43CE173114F120500DA07D5 /* pop-button-inactive.png in Resources */,
				D43CE174114F120500DA07D5 /* pop-button-active.png in Resources */,
				D43CE176114F158600DA07D5 /* pop-up-briefs.png in Resources */,
				D43CE179114F1BA600DA07D5 /* pop-slider-fg.png in Resources */,
				D43CE17A114F1BA600DA07D5 /* pop-slider-bg.png in Resources */,
				D43CE1C2114F21C300DA07D5 /* main-bg.png in Resources */,
				D43CE216114F2C3300DA07D5 /* pop-slider-blank.png in Resources */,
				D43CE247114F34A100DA07D5 /* pop-button-highlight.png in Resources */,
				D43CE3831154644A00DA07D5 /* BFPagedBrowseViewController.xib in Resources */,
				D43CE398115465CE00DA07D5 /* BFPreviewBriefViewController.xib in Resources */,
				D43CE3AB1154836100DA07D5 /* preview-title-bg.png in Resources */,
				D43CE3AD115488C400DA07D5 /* preview-play-bg.png in Resources */,
				D43CE47C115548DD00DA07D5 /* preview-bg.png in Resources */,
				D43CE527115703BC00DA07D5 /* main-bg-focused.png in Resources */,
				D43CE7DB115DA55600DA07D5 /* return.png in Resources */,
				D43CE7DC115DA55600DA07D5 /* trashcan.png in Resources */,
				D43CE7DD115DA55600DA07D5 /* refresh.png in Resources */,
				D43CE885115F021000DA07D5 /* briefcast-header.png in Resources */,
				D43CE887115F022D00DA07D5 /* refresh-large.png in Resources */,
				D43CE8B2115F134800DA07D5 /* BFBriefCellController.xib in Resources */,
				D43CE8B5115F196C00DA07D5 /* remote-play.png in Resources */,
				D43CE958115FC77E00DA07D5 /* install-button.png in Resources */,
				D43CE959115FC77E00DA07D5 /* update-button.png in Resources */,
				D43CEF6F1162E3EC00DA07D5 /* already-button.png in Resources */,
				D4A0C263116AD85C0088E5F6 /* BFLoadingViewController.xib in Resources */,
				D4A0C269116AF9610088E5F6 /* pop-up-320bg.png in Resources */,
				D4A0C31F116D81420088E5F6 /* pop-slider-bg-filled.png in Resources */,
				D4A0C33F116D84360088E5F6 /* FullPageRemoteLoad.xib in Resources */,
				D4D4B7CB11700D74009D70D0 /* pop-up-bgfull.png in Resources */,
				D4D4BB2C11710AAA009D70D0 /* BFRemoteBriefSaver.xib in Resources */,
				D4D4BB3011710E52009D70D0 /* confirm-action.png in Resources */,
				D4D4BB3111710E52009D70D0 /* confirm-cancel.png in Resources */,
				D4D4BC371172552B009D70D0 /* preview-refresh-bg.png in Resources */,
				D4D4BC39117255A2009D70D0 /* PreviewRefreshLoad.xib in Resources */,
				D4D4BC821172790C009D70D0 /* browse-briefcasts.png in Resources */,
				D4D4BC8411727A7C009D70D0 /* built-in-button.png in Resources */,
				D4D4BC9D11728248009D70D0 /* navigation-bar.png in Resources */,
				D4A4595E1172C2D600D9C1DF /* BFBriefcastCell.xib in Resources */,
				D4A4597F1172CE0B00D9C1DF /* cell-middle.png in Resources */,
				D4A459801172CE0B00D9C1DF /* cell-bottom.png in Resources */,
				D4A459811172CE0B00D9C1DF /* cell-top.png in Resources */,
				D4A459CF1172D7AF00D9C1DF /* cell-middle-sel.png in Resources */,
				D4A459DA1172DCDD00D9C1DF /* cell-bottom-sel.png in Resources */,
				D4A459DB1172DCDD00D9C1DF /* cell-top-sel.png in Resources */,
				D4A3B6C2118BCF720082CA9F /* Briefcast 32.png in Resources */,
				D4F210D3118BD5E20041F87C /* root-menu-bg.png in Resources */,
				D4F210D5118BD6520041F87C /* top-nav-button.png in Resources */,
				D4F210FA118C72750041F87C /* BFMainViewDefaultController.xib in Resources */,
			);
			runOnlyForDeploymentPostprocessing = 0;
		};
/* End PBXResourcesBuildPhase section */

/* Begin PBXSourcesBuildPhase section */
		1D60588E0D05DD3D006BFB54 /* Sources */ = {
			isa = PBXSourcesBuildPhase;
			buildActionMask = 2147483647;
			files = (
				1D60589B0D05DD56006BFB54 /* main.m in Sources */,
				1D3623260D0F684500981E51 /* BriefsAppDelegate.m in Sources */,
				76FD02EF104CAF96002E96FA /* BFBrowseViewController.m in Sources */,
				D415B20D105C7BD8008A3541 /* NSDate_FeedParserExtensions.m in Sources */,
				D415B20E105C7BD8008A3541 /* NSString_extensions.m in Sources */,
				D415B20F105C7BD8008A3541 /* FPEnclosure.m in Sources */,
				D415B210105C7BD8008A3541 /* FPFeed.m in Sources */,
				D415B211105C7BD8008A3541 /* FPItem.m in Sources */,
				D415B212105C7BD8008A3541 /* FPLink.m in Sources */,
				D415B213105C7BD8008A3541 /* FPParser.m in Sources */,
				D415B214105C7BD8008A3541 /* FPXMLPair.m in Sources */,
				D415B215105C7BD8008A3541 /* FPXMLParser.m in Sources */,
				D415B216105C7BD8008A3541 /* FPExtensionElementNode.m in Sources */,
				D415B217105C7BD8008A3541 /* FPExtensionNode.m in Sources */,
				D415B218105C7BD8008A3541 /* FPExtensionTextNode.m in Sources */,
				D464117110606DDE001522F6 /* BFTableViewController.m in Sources */,
				D46411931065CF8C001522F6 /* BFBriefCellController.m in Sources */,
				D46411971065D59D001522F6 /* BFBriefcastCellController.m in Sources */,
				D4641313106879AF001522F6 /* BFAddBriefcastViewController.m in Sources */,
				D464133E10695048001522F6 /* BFTextCellController.m in Sources */,
				D4309741106AB75B00C1EC5E /* BFDataManager.m in Sources */,
				D463E8FF107310170075CCCE /* BFBriefcastViewController.m in Sources */,
				D4CA28EC1076EDFA00AA84FE /* BFLabelCellController.m in Sources */,
				D4CA299F107907CF00AA84FE /* BFCellConfiguration.m in Sources */,
				D4CA29E310799E5D00AA84FE /* BFTitleCellController.m in Sources */,
				D4991095109FEA85008C5E17 /* BFParagraphCellController.m in Sources */,
				D47200BD10A11A5100601755 /* BFHeaderCellController.m in Sources */,
				D46B795F10A615F800CCD698 /* BFButtonCellController.m in Sources */,
				D46B799210A61B3D00CCD698 /* BFRemoteBriefCellController.m in Sources */,
				D4C3275310B20DC600AB1F5E /* BFLoadingViewController.m in Sources */,
				D482E4FD10EEECC700678404 /* BFMainViewController.m in Sources */,
				D482E54510F03FE000678404 /* BFColor.m in Sources */,
				D4A3976D113B70AB004971E9 /* BFRootView+TapHoldGesture.m in Sources */,
				D4A3979C113B7591004971E9 /* BFActor.m in Sources */,
				D4A3979D113B7591004971E9 /* BFBriefcast.m in Sources */,
				D4A3979E113B7591004971E9 /* BFScene.m in Sources */,
				D4A3979F113B7591004971E9 /* BFSceneManager.m in Sources */,
				D4A397A0113B7591004971E9 /* BFUtilityParser.m in Sources */,
				D4A397A9113B76BC004971E9 /* BFActorView.m in Sources */,
				D4A397AA113B76BC004971E9 /* BFRootView.m in Sources */,
				D4A397AB113B76BC004971E9 /* BFSceneView.m in Sources */,
				D4A397AF113B7720004971E9 /* BFPresentationDispatch.m in Sources */,
				D4A397B3113B7752004971E9 /* BFViewUtilityParser.m in Sources */,
				D4A397B7113B7796004971E9 /* BFSceneViewController.m in Sources */,
				D4AF1B061147362200D1B3B5 /* Briefs.xcdatamodel in Sources */,
				D4AF1B32114808A300D1B3B5 /* BFBriefcast+CoreDataAdditions.m in Sources */,
				D4AF1B4811480B3C00D1B3B5 /* BriefcastRef.m in Sources */,
				D4AF1D42114B3BAC00D1B3B5 /* BFBrowseBriefcastsViewController.m in Sources */,
				D4AF1DA4114B421200D1B3B5 /* BFReadOnlyBriefcastCellController.m in Sources */,
				D4AF1DCF114BFE2300D1B3B5 /* BFBriefInfo.m in Sources */,
				D4AF1E03114C093300D1B3B5 /* NSDictionary+BFAdditions.m in Sources */,
				D4AF1ECC114C234600D1B3B5 /* BFAddBriefcastCellController.m in Sources */,
				D43CE3821154644A00DA07D5 /* BFPagedBrowseViewController.m in Sources */,
				D43CE397115465CE00DA07D5 /* BFPreviewBriefViewController.m in Sources */,
				D43CE39F1154720C00DA07D5 /* BriefcastRef+BFBriefDataSource.m in Sources */,
				D43CE3A51154784300DA07D5 /* BFPreviewBriefView.m in Sources */,
				D43CE3A81154785500DA07D5 /* BFBriefInfoView.m in Sources */,
				D43CE5331157055100DA07D5 /* BFPagedContainerView.m in Sources */,
				D43CEAB11160376500DA07D5 /* BFArrayBriefDataSource.m in Sources */,
				D43CEC36116061CD00DA07D5 /* BriefRef.m in Sources */,
				D4A0C262116AD85C0088E5F6 /* BFLoadingViewController.m in Sources */,
				D4A0C266116AD9660088E5F6 /* BFProgressBar.m in Sources */,
				D4A0C33E116D84360088E5F6 /* BFRemoteBriefViewController.m in Sources */,
				D4D4BB2B11710AAA009D70D0 /* BFRemoteBriefSaver.m in Sources */,
				D4D4BC9B11728150009D70D0 /* UINavigationBar+CustomBackground.m in Sources */,
				D4F210F9118C72750041F87C /* BFMainViewDefaultController.m in Sources */,
			);
			runOnlyForDeploymentPostprocessing = 0;
		};
		7616282D10505870008FDF67 /* Sources */ = {
			isa = PBXSourcesBuildPhase;
			buildActionMask = 2147483647;
			files = (
				D47F4B75113CC3E400EEB871 /* BFActor.m in Sources */,
				D47F4B76113CC3E400EEB871 /* BFBriefcast.m in Sources */,
				D47F4B77113CC3E400EEB871 /* BFScene.m in Sources */,
				D47F4B78113CC3E400EEB871 /* BFSceneManager.m in Sources */,
				7616293B105061EF008FDF67 /* brief-compact.m in Sources */,
			);
			runOnlyForDeploymentPostprocessing = 0;
		};
/* End PBXSourcesBuildPhase section */

/* Begin XCBuildConfiguration section */
		1D6058940D05DD3E006BFB54 /* Debug */ = {
			isa = XCBuildConfiguration;
			buildSettings = {
				ALWAYS_SEARCH_USER_PATHS = NO;
				COPY_PHASE_STRIP = NO;
				GCC_DYNAMIC_NO_PIC = NO;
				GCC_OPTIMIZATION_LEVEL = 0;
				GCC_PRECOMPILE_PREFIX_HEADER = YES;
				GCC_PREFIX_HEADER = Briefs_Prefix.pch;
				GCC_VERSION = 4.2;
				INFOPLIST_FILE = "Briefs-Info.plist";
				PRODUCT_NAME = Briefs;
			};
			name = Debug;
		};
		1D6058950D05DD3E006BFB54 /* Release */ = {
			isa = XCBuildConfiguration;
			buildSettings = {
				ALWAYS_SEARCH_USER_PATHS = NO;
				COPY_PHASE_STRIP = YES;
				GCC_PRECOMPILE_PREFIX_HEADER = YES;
				GCC_PREFIX_HEADER = Briefs_Prefix.pch;
				INFOPLIST_FILE = "Briefs-Info.plist";
				PRODUCT_NAME = Briefs;
			};
			name = Release;
		};
		7616283010505871008FDF67 /* Debug */ = {
			isa = XCBuildConfiguration;
			buildSettings = {
				ALWAYS_SEARCH_USER_PATHS = NO;
				ARCHS = "$(ARCHS_STANDARD_32_64_BIT)";
				COPY_PHASE_STRIP = NO;
				GCC_DYNAMIC_NO_PIC = NO;
				GCC_ENABLE_FIX_AND_CONTINUE = YES;
				GCC_MODEL_TUNING = G5;
				GCC_OPTIMIZATION_LEVEL = 0;
				GCC_PRECOMPILE_PREFIX_HEADER = YES;
				GCC_PREFIX_HEADER = "$(SYSTEM_LIBRARY_DIR)/Frameworks/AppKit.framework/Headers/AppKit.h";
				GCC_VERSION = com.apple.compilers.llvm.clang.1_0;
				INSTALL_PATH = /usr/local/bin;
				OTHER_LDFLAGS = (
					"-framework",
					Foundation,
					"-framework",
					AppKit,
				);
				PREBINDING = NO;
				PRODUCT_NAME = "compact-briefs";
				SDKROOT = macosx10.5;
			};
			name = Debug;
		};
		7616283110505871008FDF67 /* Release */ = {
			isa = XCBuildConfiguration;
			buildSettings = {
				ALWAYS_SEARCH_USER_PATHS = NO;
				ARCHS = "$(ARCHS_STANDARD_32_64_BIT)";
				COPY_PHASE_STRIP = YES;
				DEBUG_INFORMATION_FORMAT = "dwarf-with-dsym";
				GCC_ENABLE_FIX_AND_CONTINUE = NO;
				GCC_MODEL_TUNING = G5;
				GCC_PRECOMPILE_PREFIX_HEADER = YES;
				GCC_PREFIX_HEADER = "$(SYSTEM_LIBRARY_DIR)/Frameworks/AppKit.framework/Headers/AppKit.h";
				INSTALL_PATH = /usr/local/bin;
				OTHER_LDFLAGS = (
					"-framework",
					Foundation,
					"-framework",
					AppKit,
				);
				PREBINDING = NO;
				PRODUCT_NAME = "compact-briefs";
				SDKROOT = macosx10.5;
				ZERO_LINK = NO;
			};
			name = Release;
		};
		C01FCF4F08A954540054247B /* Debug */ = {
			isa = XCBuildConfiguration;
			buildSettings = {
				ARCHS = "$(ARCHS_STANDARD_32_BIT)";
				"CODE_SIGN_IDENTITY[sdk=iphoneos*]" = "iPhone Developer";
				GCC_C_LANGUAGE_STANDARD = c99;
				GCC_WARN_ABOUT_RETURN_TYPE = YES;
				GCC_WARN_UNUSED_VARIABLE = YES;
				ONLY_ACTIVE_ARCH = YES;
				PREBINDING = NO;
				SDKROOT = iphoneos3.0;
			};
			name = Debug;
		};
		C01FCF5008A954540054247B /* Release */ = {
			isa = XCBuildConfiguration;
			buildSettings = {
				ARCHS = "$(ARCHS_STANDARD_32_BIT)";
				"CODE_SIGN_IDENTITY[sdk=iphoneos*]" = "iPhone Developer";
				GCC_C_LANGUAGE_STANDARD = c99;
				GCC_WARN_ABOUT_RETURN_TYPE = YES;
				GCC_WARN_UNUSED_VARIABLE = YES;
				PREBINDING = NO;
				SDKROOT = iphoneos3.0;
			};
			name = Release;
		};
/* End XCBuildConfiguration section */

/* Begin XCConfigurationList section */
		1D6058960D05DD3E006BFB54 /* Build configuration list for PBXNativeTarget "Briefs" */ = {
			isa = XCConfigurationList;
			buildConfigurations = (
				1D6058940D05DD3E006BFB54 /* Debug */,
				1D6058950D05DD3E006BFB54 /* Release */,
			);
			defaultConfigurationIsVisible = 0;
			defaultConfigurationName = Release;
		};
		76162832105058A7008FDF67 /* Build configuration list for PBXNativeTarget "BriefsCompactor" */ = {
			isa = XCConfigurationList;
			buildConfigurations = (
				7616283010505871008FDF67 /* Debug */,
				7616283110505871008FDF67 /* Release */,
			);
			defaultConfigurationIsVisible = 0;
			defaultConfigurationName = Release;
		};
		C01FCF4E08A954540054247B /* Build configuration list for PBXProject "Briefs" */ = {
			isa = XCConfigurationList;
			buildConfigurations = (
				C01FCF4F08A954540054247B /* Debug */,
				C01FCF5008A954540054247B /* Release */,
			);
			defaultConfigurationIsVisible = 0;
			defaultConfigurationName = Release;
		};
/* End XCConfigurationList section */
	};
	rootObject = 29B97313FDCFA39411CA2CEA /* Project object */;
}
